
Microsoft Visual Studio Solution File, Format Version 12.00
# Visual Studio Version 17
VisualStudioVersion = 17.14.36511.14
MinimumVisualStudioVersion = 10.0.40219.1
Project("{FAE04EC0-301F-11D3-BF4B-00C04F79EFBC}") = "_Auxlib", "_Auxlib\_Auxlib.csproj", "{4675302E-E1D4-4EDA-AC77-FC0A6B0248B3}"
EndProject
Project("{FAE04EC0-301F-11D3-BF4B-00C04F79EFBC}") = "_Configuration", "_Configuration\_Configuration.csproj", "{7BD937CD-26C6-4622-817F-BDA9F88BA8BC}"
EndProject
Project("{FAE04EC0-301F-11D3-BF4B-00C04F79EFBC}") = "_DataStructures", "_DataStructures\_DataStructures.csproj", "{35A1E0EF-230A-4575-B8E6-1AD62C88D470}"
EndProject
Project("{FAE04EC0-301F-11D3-BF4B-00C04F79EFBC}") = "_NewLib", "_NewLib\_NewLib.csproj", "{A37061E1-FEAC-494F-9DA2-144350ED806D}"
EndProject
Project("{FAE04EC0-301F-11D3-BF4B-00C04F79EFBC}") = "_OHloss", "_OHloss\_OHloss.csproj", "{04A34624-8F33-4685-8944-794B6FB7C3BF}"
EndProject
Project("{FAE04EC0-301F-11D3-BF4B-00C04F79EFBC}") = "_Utillib", "_Utillib\_Utillib.csproj", "{9C18BD59-6DA7-4E8F-9550-71B3AC086C74}"
EndProject
Project("{FAE04EC0-301F-11D3-BF4B-00C04F79EFBC}") = "CompareReports", "CompareReports\CompareReports.csproj", "{44365EBC-8C16-4B85-BBDA-542BC7937AAB}"
EndProject
Project("{FAE04EC0-301F-11D3-BF4B-00C04F79EFBC}") = "FeImport", "FeImport\FeImport.csproj", "{20AF95BD-2ECB-403B-A0C3-220C4658DE76}"
EndProject
Project("{FAE04EC0-301F-11D3-BF4B-00C04F79EFBC}") = "FePrint", "FePrint\FePrint.csproj", "{BFD25D45-AC3A-4A51-85D0-545423514256}"
EndProject
Project("{FAE04EC0-301F-11D3-BF4B-00C04F79EFBC}") = "FeValidate", "FeValidate\FeValidate.csproj", "{60E3B79E-CE0B-499D-9E69-0E50BC30AE06}"
EndProject
Project("{FAE04EC0-301F-11D3-BF4B-00C04F79EFBC}") = "FtImport", "FtImport\FtImport.csproj", "{F9501334-25D3-4E52-A165-E12A869109FD}"
EndProject
Project("{FAE04EC0-301F-11D3-BF4B-00C04F79EFBC}") = "FtValidate", "FtValidate\FtValidate.csproj", "{59C1E2B3-FFB9-4C5E-9205-6334694F18B8}"
EndProject
Project("{FAE04EC0-301F-11D3-BF4B-00C04F79EFBC}") = "GenCtx", "GenCtx\GenCtx.csproj", "{FAE34413-5F21-4FCE-86A6-08673BEEA664}"
EndProject
Project("{FAE04EC0-301F-11D3-BF4B-00C04F79EFBC}") = "GetCoords", "GetCoords\GetCoords.csproj", "{1C75FA3C-0731-4AD5-93CA-C36149E4240A}"
EndProject
Project("{FAE04EC0-301F-11D3-BF4B-00C04F79EFBC}") = "GetOHLrep", "GetOHLrep\GetOHLrep.csproj", "{BF14AF68-4F6F-4910-9333-E736DDF409F9}"
EndProject
Project("{FAE04EC0-301F-11D3-BF4B-00C04F79EFBC}") = "GetProfRep", "GetProfRep\GetProfRep.csproj", "{5F277AC7-8799-4A4C-A92E-A98C0C6352F9}"
EndProject
Project("{FAE04EC0-301F-11D3-BF4B-00C04F79EFBC}") = "HiLoCheck", "HiLoCheck\HiLoCheck.csproj", "{537E83BC-82DB-4CBB-AD32-E04BC552C09E}"
EndProject
Project("{FAE04EC0-301F-11D3-BF4B-00C04F79EFBC}") = "Hold", "Hold\Hold.csproj", "{5D9AAAB1-876E-4466-A3E1-A1C899C063D7}"
EndProject
Project("{FAE04EC0-301F-11D3-BF4B-00C04F79EFBC}") = "Interpol", "Interpol\Interpol.csproj", "{9E921B1B-D83E-422B-A7D5-00A8E9A089CC}"
EndProject
Project("{FAE04EC0-301F-11D3-BF4B-00C04F79EFBC}") = "MePrint", "MePrint\MePrint.csproj", "{26FF0755-631D-4B96-816F-A8AF77853227}"
EndProject
Project("{FAE04EC0-301F-11D3-BF4B-00C04F79EFBC}") = "MeUpdate", "MeUpdate\MeUpdate.csproj", "{9E4F3705-8A7B-4FDC-8AF6-5E10252226E2}"
EndProject
Project("{FAE04EC0-301F-11D3-BF4B-00C04F79EFBC}") = "MtDeleteSiteTree", "MtDeleteSiteAnteChan\MtDeleteSiteTree.csproj", "{F42ACDF8-B744-47BA-96CB-09CF5600C081}"
EndProject
Project("{FAE04EC0-301F-11D3-BF4B-00C04F79EFBC}") = "MtPrint", "MtPrint\MtPrint.csproj", "{AE08E609-A309-4088-BDD9-C408A5C09562}"
EndProject
Project("{FAE04EC0-301F-11D3-BF4B-00C04F79EFBC}") = "MtUpdate", "MtUpdate\MtUpdate.csproj", "{537D37AD-CAFD-4D3C-B787-39AC873D5645}"
EndProject
Project("{FAE04EC0-301F-11D3-BF4B-00C04F79EFBC}") = "PCNscan", "PcnScan\PCNscan.csproj", "{E707DFE3-1A57-4A4D-B9BA-92738F742D06}"
EndProject
Project("{FAE04EC0-301F-11D3-BF4B-00C04F79EFBC}") = "PFDcont", "PFDcont\PFDcont.csproj", "{8F31AC26-56B9-4802-9173-B23ACD65514D}"
EndProject
Project("{FAE04EC0-301F-11D3-BF4B-00C04F79EFBC}") = "SdUpdateAnte", "SdUpdateAnte\SdUpdateAnte.csproj", "{4278375F-279D-430D-B267-F3EDB66FD582}"
EndProject
Project("{FAE04EC0-301F-11D3-BF4B-00C04F79EFBC}") = "SdUpdateBand", "SdUpdateBand\SdUpdateBand.csproj", "{4F1FD824-2682-4567-A013-DF6FD706A622}"
EndProject
Project("{FAE04EC0-301F-11D3-BF4B-00C04F79EFBC}") = "SdUpdateCtx", "SdUpdateCtx\SdUpdateCtx.csproj", "{90C43D7D-1134-4D5B-910C-AEEF49FF8F01}"
EndProject
Project("{FAE04EC0-301F-11D3-BF4B-00C04F79EFBC}") = "SdUpdateEqpt", "SdUpdateEqpt\SdUpdateEqpt.csproj", "{8BFB9793-2875-4929-A22A-DAC2208E2DC7}"
EndProject
Project("{FAE04EC0-301F-11D3-BF4B-00C04F79EFBC}") = "SdUpdateNote", "SdUpdateNote\SdUpdateNote.csproj", "{9860BF11-6018-4F24-97C2-91F3ADAD3C9F}"
EndProject
Project("{FAE04EC0-301F-11D3-BF4B-00C04F79EFBC}") = "SdUpdateOper", "SdUpdateOper\SdUpdateOper.csproj", "{D8C26152-2E97-4BC1-A996-52AEDCFFAE47}"
EndProject
Project("{FAE04EC0-301F-11D3-BF4B-00C04F79EFBC}") = "SdUpdatePlan", "SdUpdatePlan\SdUpdatePlan.csproj", "{999FC18E-1109-4FDD-80E7-4648C26E113F}"
EndProject
Project("{FAE04EC0-301F-11D3-BF4B-00C04F79EFBC}") = "SdUpdateRout", "SdUpdateRout\SdUpdateRout.csproj", "{0FD82822-C27C-423C-A9BB-46CBC93E2E04}"
EndProject
Project("{FAE04EC0-301F-11D3-BF4B-00C04F79EFBC}") = "SdUpdateTown", "SdUpdateTown\SdUpdateTown.csproj", "{DF304728-F1D0-4370-94E0-12C0C0347285}"
EndProject
Project("{FAE04EC0-301F-11D3-BF4B-00C04F79EFBC}") = "SdUpdateTowr", "SdUpdateTowr\SdUpdateTowr.csproj", "{97B31BCE-9A62-4512-96D4-F3ECE2593C20}"
EndProject
Project("{FAE04EC0-301F-11D3-BF4B-00C04F79EFBC}") = "SdUpdateTraf", "SdUpdateTraf\SdUpdateTraf.csproj", "{EB18DC62-4843-4DD4-9A1F-A96C44B45255}"
EndProject
Project("{FAE04EC0-301F-11D3-BF4B-00C04F79EFBC}") = "FtPrint", "FtPrint\FtPrint.csproj", "{2023B74D-6882-48FA-A30D-A66AE091C642}"
EndProject
Project("{FAE04EC0-301F-11D3-BF4B-00C04F79EFBC}") = "SetEmailPassword", "SetEmailPassword\SetEmailPassword.csproj", "{7B058681-3A24-4A2F-800E-74577BBA24E8}"
EndProject
Project("{FAE04EC0-301F-11D3-BF4B-00C04F79EFBC}") = "SQLExecDirect", "SQLexecDirect\SQLExecDirect.csproj", "{B8683B99-F8E2-4233-B548-963496F9A88D}"
EndProject
Project("{FAE04EC0-301F-11D3-BF4B-00C04F79EFBC}") = "T5aPolygons", "T5aPolygons\T5aPolygons.csproj", "{CBA99930-6A51-43D9-9F11-285A7A483C4F}"
EndProject
Project("{FAE04EC0-301F-11D3-BF4B-00C04F79EFBC}") = "Tools", "Tools\Tools.csproj", "{CCC4AEA8-F676-4692-B35C-A80CED6DBA2F}"
EndProject
Project("{FAE04EC0-301F-11D3-BF4B-00C04F79EFBC}") = "TpRunTsip", "TpRunTsip\TpRunTsip.csproj", "{5707F2AE-910F-4522-A9A6-8BB3B472547E}"
EndProject
Project("{FAE04EC0-301F-11D3-BF4B-00C04F79EFBC}") = "TsipInitiator", "TsipInitiator\TsipInitiator.csproj", "{28FBD0C2-A266-4305-8A32-C72B41F8AEB1}"
EndProject
Project("{FAE04EC0-301F-11D3-BF4B-00C04F79EFBC}") = "TsipQdelete", "TsipQdelete\TsipQdelete.csproj", "{51611586-1E46-471A-9B34-7E9AB959C425}"
EndProject
Project("{FAE04EC0-301F-11D3-BF4B-00C04F79EFBC}") = "Vch", "Vch\Vch.csproj", "{5A96167C-F7F5-441B-B53E-DCFC15DCB224}"
EndProject
Project("{FAE04EC0-301F-11D3-BF4B-00C04F79EFBC}") = "Worbit", "Worbit\Worbit.csproj", "{20E945A9-2A97-427C-B174-39A10EB6E2A0}"
EndProject
Project("{FAE04EC0-301F-11D3-BF4B-00C04F79EFBC}") = "Wpassive", "Wpassive\Wpassive.csproj", "{0D432104-AE0F-4721-98B5-D749EB764EEA}"
EndProject
Project("{FAE04EC0-301F-11D3-BF4B-00C04F79EFBC}") = "WriteGate", "WriteGate\WriteGate.csproj", "{9C0D1372-A5CA-46FC-945B-CD442B871D73}"
EndProject
Project("{FAE04EC0-301F-11D3-BF4B-00C04F79EFBC}") = "WsatAze", "WsatAze\WsatAze.csproj", "{C80AEECE-51B4-4F72-A9EE-5F8397E84B17}"
EndProject
Project("{FAE04EC0-301F-11D3-BF4B-00C04F79EFBC}") = "SMTP", "SMTP\SMTP.csproj", "{21785526-6F30-4608-B112-59341D504BF7}"
EndProject
Project("{FAE04EC0-301F-11D3-BF4B-00C04F79EFBC}") = "IsedTaflToTable", "IsedTaflToTable\IsedTaflToTable.csproj", "{8A90D265-A3E9-46EB-9FAF-8D39C71D54DD}"
EndProject
Project("{FAE04EC0-301F-11D3-BF4B-00C04F79EFBC}") = "ComsearchToTAFL", "ComsearchToTAFL\ComsearchToTAFL.csproj", "{5D62F48D-CFA9-43CE-B565-15DB78AA758D}"
EndProject
Project("{FAE04EC0-301F-11D3-BF4B-00C04F79EFBC}") = "SendLAMLreports", "SendLAMLreports\SendLAMLreports.csproj", "{C971DE7C-6907-480D-90F4-85845E2EA2E2}"
EndProject
Project("{FAE04EC0-301F-11D3-BF4B-00C04F79EFBC}") = "CheckMicsConfig", "CheckMicsConfig\CheckMicsConfig.csproj", "{0A4FA795-DEE7-4F46-9C51-06C24276C530}"
EndProject
Project("{FAE04EC0-301F-11D3-BF4B-00C04F79EFBC}") = "CopyTable", "CopyTable\CopyTable.csproj", "{63B6C54C-2AA8-4B1F-B094-EF5DC69FFDE4}"
EndProject
Project("{FAE04EC0-301F-11D3-BF4B-00C04F79EFBC}") = "KillTable", "KillTable\KillTable.csproj", "{DCDE2A88-C15B-43ED-8B1A-07A98DB9EC80}"
EndProject
Project("{FAE04EC0-301F-11D3-BF4B-00C04F79EFBC}") = "sdfImport", "sdfImport\sdfImport.csproj", "{63A4E2E6-6CAE-4F60-BF5F-205E56BCC727}"
EndProject
Project("{FAE04EC0-301F-11D3-BF4B-00C04F79EFBC}") = "sdfPrint", "sdfPrint\sdfPrint.csproj", "{97E94FCE-7368-47D3-8BB9-9CAC918717DC}"
EndProject
Project("{FAE04EC0-301F-11D3-BF4B-00C04F79EFBC}") = "sdfValidate", "sdfValidate\sdfValidate.csproj", "{8821C600-DEC5-4787-9407-DB08EF4BD2A7}"
EndProject
Project("{FAE04EC0-301F-11D3-BF4B-00C04F79EFBC}") = "SQLtoFlat", "SQLtoFlat\SQLtoFlat.csproj", "{3456DD75-CE99-4B06-9626-467D7E7A74C6}"
EndProject
Project("{FAE04EC0-301F-11D3-BF4B-00C04F79EFBC}") = "DBAccess", "DBAccess\DBAccess.csproj", "{DD788203-81AB-43E0-ACB5-AD100E08B87A}"
EndProject
Project("{FAE04EC0-301F-11D3-BF4B-00C04F79EFBC}") = "utilities", "utilities\utilities.csproj", "{AD28BA3D-4D0F-4965-B9A1-59401A032B9B}"
EndProject
Global
	GlobalSection(SolutionConfigurationPlatforms) = preSolution
		Debug|Any CPU = Debug|Any CPU
		Debug|x64 = Debug|x64
		Debug|x86 = Debug|x86
		Release|Any CPU = Release|Any CPU
		Release|x64 = Release|x64
		Release|x86 = Release|x86
	EndGlobalSection
	GlobalSection(ProjectConfigurationPlatforms) = postSolution
		{4675302E-E1D4-4EDA-AC77-FC0A6B0248B3}.Debug|Any CPU.ActiveCfg = Release|x64
		{4675302E-E1D4-4EDA-AC77-FC0A6B0248B3}.Debug|Any CPU.Build.0 = Release|x64
		{4675302E-E1D4-4EDA-AC77-FC0A6B0248B3}.Debug|x64.ActiveCfg = Debug|x64
		{4675302E-E1D4-4EDA-AC77-FC0A6B0248B3}.Debug|x64.Build.0 = Debug|x64
		{4675302E-E1D4-4EDA-AC77-FC0A6B0248B3}.Debug|x86.ActiveCfg = Debug|x86
		{4675302E-E1D4-4EDA-AC77-FC0A6B0248B3}.Debug|x86.Build.0 = Debug|x86
		{4675302E-E1D4-4EDA-AC77-FC0A6B0248B3}.Release|Any CPU.ActiveCfg = Release|x64
		{4675302E-E1D4-4EDA-AC77-FC0A6B0248B3}.Release|Any CPU.Build.0 = Release|x64
		{4675302E-E1D4-4EDA-AC77-FC0A6B0248B3}.Release|x64.ActiveCfg = Release|x64
		{4675302E-E1D4-4EDA-AC77-FC0A6B0248B3}.Release|x64.Build.0 = Release|x64
		{4675302E-E1D4-4EDA-AC77-FC0A6B0248B3}.Release|x86.ActiveCfg = Release|x86
		{4675302E-E1D4-4EDA-AC77-FC0A6B0248B3}.Release|x86.Build.0 = Release|x86
		{7BD937CD-26C6-4622-817F-BDA9F88BA8BC}.Debug|Any CPU.ActiveCfg = Release|x64
		{7BD937CD-26C6-4622-817F-BDA9F88BA8BC}.Debug|Any CPU.Build.0 = Release|x64
		{7BD937CD-26C6-4622-817F-BDA9F88BA8BC}.Debug|x64.ActiveCfg = Debug|x64
		{7BD937CD-26C6-4622-817F-BDA9F88BA8BC}.Debug|x64.Build.0 = Debug|x64
		{7BD937CD-26C6-4622-817F-BDA9F88BA8BC}.Debug|x86.ActiveCfg = Debug|x86
		{7BD937CD-26C6-4622-817F-BDA9F88BA8BC}.Debug|x86.Build.0 = Debug|x86
		{7BD937CD-26C6-4622-817F-BDA9F88BA8BC}.Release|Any CPU.ActiveCfg = Release|x64
		{7BD937CD-26C6-4622-817F-BDA9F88BA8BC}.Release|Any CPU.Build.0 = Release|x64
		{7BD937CD-26C6-4622-817F-BDA9F88BA8BC}.Release|x64.ActiveCfg = Release|x64
		{7BD937CD-26C6-4622-817F-BDA9F88BA8BC}.Release|x64.Build.0 = Release|x64
		{7BD937CD-26C6-4622-817F-BDA9F88BA8BC}.Release|x86.ActiveCfg = Release|x86
		{7BD937CD-26C6-4622-817F-BDA9F88BA8BC}.Release|x86.Build.0 = Release|x86
		{35A1E0EF-230A-4575-B8E6-1AD62C88D470}.Debug|Any CPU.ActiveCfg = Release|x64
		{35A1E0EF-230A-4575-B8E6-1AD62C88D470}.Debug|Any CPU.Build.0 = Release|x64
		{35A1E0EF-230A-4575-B8E6-1AD62C88D470}.Debug|x64.ActiveCfg = Debug|x64
		{35A1E0EF-230A-4575-B8E6-1AD62C88D470}.Debug|x64.Build.0 = Debug|x64
		{35A1E0EF-230A-4575-B8E6-1AD62C88D470}.Debug|x86.ActiveCfg = Debug|Any CPU
		{35A1E0EF-230A-4575-B8E6-1AD62C88D470}.Debug|x86.Build.0 = Debug|Any CPU
		{35A1E0EF-230A-4575-B8E6-1AD62C88D470}.Release|Any CPU.ActiveCfg = Release|x64
		{35A1E0EF-230A-4575-B8E6-1AD62C88D470}.Release|Any CPU.Build.0 = Release|x64
		{35A1E0EF-230A-4575-B8E6-1AD62C88D470}.Release|x64.ActiveCfg = Release|x64
		{35A1E0EF-230A-4575-B8E6-1AD62C88D470}.Release|x64.Build.0 = Release|x64
		{35A1E0EF-230A-4575-B8E6-1AD62C88D470}.Release|x86.ActiveCfg = Release|Any CPU
		{35A1E0EF-230A-4575-B8E6-1AD62C88D470}.Release|x86.Build.0 = Release|Any CPU
		{A37061E1-FEAC-494F-9DA2-144350ED806D}.Debug|Any CPU.ActiveCfg = Release|x64
		{A37061E1-FEAC-494F-9DA2-144350ED806D}.Debug|Any CPU.Build.0 = Release|x64
		{A37061E1-FEAC-494F-9DA2-144350ED806D}.Debug|x64.ActiveCfg = Debug|x64
		{A37061E1-FEAC-494F-9DA2-144350ED806D}.Debug|x64.Build.0 = Debug|x64
		{A37061E1-FEAC-494F-9DA2-144350ED806D}.Debug|x86.ActiveCfg = Debug|Any CPU
		{A37061E1-FEAC-494F-9DA2-144350ED806D}.Debug|x86.Build.0 = Debug|Any CPU
		{A37061E1-FEAC-494F-9DA2-144350ED806D}.Release|Any CPU.ActiveCfg = Release|x64
		{A37061E1-FEAC-494F-9DA2-144350ED806D}.Release|Any CPU.Build.0 = Release|x64
		{A37061E1-FEAC-494F-9DA2-144350ED806D}.Release|x64.ActiveCfg = Release|x64
		{A37061E1-FEAC-494F-9DA2-144350ED806D}.Release|x64.Build.0 = Release|x64
		{A37061E1-FEAC-494F-9DA2-144350ED806D}.Release|x86.ActiveCfg = Release|Any CPU
		{A37061E1-FEAC-494F-9DA2-144350ED806D}.Release|x86.Build.0 = Release|Any CPU
		{04A34624-8F33-4685-8944-794B6FB7C3BF}.Debug|Any CPU.ActiveCfg = Release|x64
		{04A34624-8F33-4685-8944-794B6FB7C3BF}.Debug|Any CPU.Build.0 = Release|x64
		{04A34624-8F33-4685-8944-794B6FB7C3BF}.Debug|x64.ActiveCfg = Debug|x64
		{04A34624-8F33-4685-8944-794B6FB7C3BF}.Debug|x64.Build.0 = Debug|x64
		{04A34624-8F33-4685-8944-794B6FB7C3BF}.Debug|x86.ActiveCfg = Debug|Any CPU
		{04A34624-8F33-4685-8944-794B6FB7C3BF}.Debug|x86.Build.0 = Debug|Any CPU
		{04A34624-8F33-4685-8944-794B6FB7C3BF}.Release|Any CPU.ActiveCfg = Release|x64
		{04A34624-8F33-4685-8944-794B6FB7C3BF}.Release|Any CPU.Build.0 = Release|x64
		{04A34624-8F33-4685-8944-794B6FB7C3BF}.Release|x64.ActiveCfg = Release|x64
		{04A34624-8F33-4685-8944-794B6FB7C3BF}.Release|x64.Build.0 = Release|x64
		{04A34624-8F33-4685-8944-794B6FB7C3BF}.Release|x86.ActiveCfg = Release|Any CPU
		{04A34624-8F33-4685-8944-794B6FB7C3BF}.Release|x86.Build.0 = Release|Any CPU
		{9C18BD59-6DA7-4E8F-9550-71B3AC086C74}.Debug|Any CPU.ActiveCfg = Release|x64
		{9C18BD59-6DA7-4E8F-9550-71B3AC086C74}.Debug|Any CPU.Build.0 = Release|x64
		{9C18BD59-6DA7-4E8F-9550-71B3AC086C74}.Debug|x64.ActiveCfg = Debug|x64
		{9C18BD59-6DA7-4E8F-9550-71B3AC086C74}.Debug|x64.Build.0 = Debug|x64
		{9C18BD59-6DA7-4E8F-9550-71B3AC086C74}.Debug|x86.ActiveCfg = Debug|x86
		{9C18BD59-6DA7-4E8F-9550-71B3AC086C74}.Debug|x86.Build.0 = Debug|x86
		{9C18BD59-6DA7-4E8F-9550-71B3AC086C74}.Release|Any CPU.ActiveCfg = Release|x64
		{9C18BD59-6DA7-4E8F-9550-71B3AC086C74}.Release|Any CPU.Build.0 = Release|x64
		{9C18BD59-6DA7-4E8F-9550-71B3AC086C74}.Release|x64.ActiveCfg = Release|x64
		{9C18BD59-6DA7-4E8F-9550-71B3AC086C74}.Release|x64.Build.0 = Release|x64
		{9C18BD59-6DA7-4E8F-9550-71B3AC086C74}.Release|x86.ActiveCfg = Release|x86
		{9C18BD59-6DA7-4E8F-9550-71B3AC086C74}.Release|x86.Build.0 = Release|x86
		{44365EBC-8C16-4B85-BBDA-542BC7937AAB}.Debug|Any CPU.ActiveCfg = Release|x64
		{44365EBC-8C16-4B85-BBDA-542BC7937AAB}.Debug|Any CPU.Build.0 = Release|x64
		{44365EBC-8C16-4B85-BBDA-542BC7937AAB}.Debug|x64.ActiveCfg = Debug|x64
		{44365EBC-8C16-4B85-BBDA-542BC7937AAB}.Debug|x64.Build.0 = Debug|x64
		{44365EBC-8C16-4B85-BBDA-542BC7937AAB}.Debug|x86.ActiveCfg = Debug|Any CPU
		{44365EBC-8C16-4B85-BBDA-542BC7937AAB}.Debug|x86.Build.0 = Debug|Any CPU
		{44365EBC-8C16-4B85-BBDA-542BC7937AAB}.Release|Any CPU.ActiveCfg = Release|x64
		{44365EBC-8C16-4B85-BBDA-542BC7937AAB}.Release|Any CPU.Build.0 = Release|x64
		{44365EBC-8C16-4B85-BBDA-542BC7937AAB}.Release|x64.ActiveCfg = Release|x64
		{44365EBC-8C16-4B85-BBDA-542BC7937AAB}.Release|x64.Build.0 = Release|x64
		{44365EBC-8C16-4B85-BBDA-542BC7937AAB}.Release|x86.ActiveCfg = Release|Any CPU
		{44365EBC-8C16-4B85-BBDA-542BC7937AAB}.Release|x86.Build.0 = Release|Any CPU
		{20AF95BD-2ECB-403B-A0C3-220C4658DE76}.Debug|Any CPU.ActiveCfg = Release|x64
		{20AF95BD-2ECB-403B-A0C3-220C4658DE76}.Debug|Any CPU.Build.0 = Release|x64
		{20AF95BD-2ECB-403B-A0C3-220C4658DE76}.Debug|x64.ActiveCfg = Debug|x64
		{20AF95BD-2ECB-403B-A0C3-220C4658DE76}.Debug|x64.Build.0 = Debug|x64
		{20AF95BD-2ECB-403B-A0C3-220C4658DE76}.Debug|x86.ActiveCfg = Debug|Any CPU
		{20AF95BD-2ECB-403B-A0C3-220C4658DE76}.Debug|x86.Build.0 = Debug|Any CPU
		{20AF95BD-2ECB-403B-A0C3-220C4658DE76}.Release|Any CPU.ActiveCfg = Release|x64
		{20AF95BD-2ECB-403B-A0C3-220C4658DE76}.Release|Any CPU.Build.0 = Release|x64
		{20AF95BD-2ECB-403B-A0C3-220C4658DE76}.Release|x64.ActiveCfg = Release|x64
		{20AF95BD-2ECB-403B-A0C3-220C4658DE76}.Release|x64.Build.0 = Release|x64
		{20AF95BD-2ECB-403B-A0C3-220C4658DE76}.Release|x86.ActiveCfg = Release|Any CPU
		{20AF95BD-2ECB-403B-A0C3-220C4658DE76}.Release|x86.Build.0 = Release|Any CPU
		{BFD25D45-AC3A-4A51-85D0-545423514256}.Debug|Any CPU.ActiveCfg = Release|x64
		{BFD25D45-AC3A-4A51-85D0-545423514256}.Debug|Any CPU.Build.0 = Release|x64
		{BFD25D45-AC3A-4A51-85D0-545423514256}.Debug|x64.ActiveCfg = Debug|x64
		{BFD25D45-AC3A-4A51-85D0-545423514256}.Debug|x64.Build.0 = Debug|x64
		{BFD25D45-AC3A-4A51-85D0-545423514256}.Debug|x86.ActiveCfg = Debug|Any CPU
		{BFD25D45-AC3A-4A51-85D0-545423514256}.Debug|x86.Build.0 = Debug|Any CPU
		{BFD25D45-AC3A-4A51-85D0-545423514256}.Release|Any CPU.ActiveCfg = Release|x64
		{BFD25D45-AC3A-4A51-85D0-545423514256}.Release|Any CPU.Build.0 = Release|x64
		{BFD25D45-AC3A-4A51-85D0-545423514256}.Release|x64.ActiveCfg = Release|x64
		{BFD25D45-AC3A-4A51-85D0-545423514256}.Release|x64.Build.0 = Release|x64
		{BFD25D45-AC3A-4A51-85D0-545423514256}.Release|x86.ActiveCfg = Release|Any CPU
		{BFD25D45-AC3A-4A51-85D0-545423514256}.Release|x86.Build.0 = Release|Any CPU
		{60E3B79E-CE0B-499D-9E69-0E50BC30AE06}.Debug|Any CPU.ActiveCfg = Release|x64
		{60E3B79E-CE0B-499D-9E69-0E50BC30AE06}.Debug|Any CPU.Build.0 = Release|x64
		{60E3B79E-CE0B-499D-9E69-0E50BC30AE06}.Debug|x64.ActiveCfg = Debug|x64
		{60E3B79E-CE0B-499D-9E69-0E50BC30AE06}.Debug|x64.Build.0 = Debug|x64
		{60E3B79E-CE0B-499D-9E69-0E50BC30AE06}.Debug|x86.ActiveCfg = Debug|Any CPU
		{60E3B79E-CE0B-499D-9E69-0E50BC30AE06}.Debug|x86.Build.0 = Debug|Any CPU
		{60E3B79E-CE0B-499D-9E69-0E50BC30AE06}.Release|Any CPU.ActiveCfg = Release|x64
		{60E3B79E-CE0B-499D-9E69-0E50BC30AE06}.Release|Any CPU.Build.0 = Release|x64
		{60E3B79E-CE0B-499D-9E69-0E50BC30AE06}.Release|x64.ActiveCfg = Release|x64
		{60E3B79E-CE0B-499D-9E69-0E50BC30AE06}.Release|x64.Build.0 = Release|x64
		{60E3B79E-CE0B-499D-9E69-0E50BC30AE06}.Release|x86.ActiveCfg = Release|Any CPU
		{60E3B79E-CE0B-499D-9E69-0E50BC30AE06}.Release|x86.Build.0 = Release|Any CPU
		{F9501334-25D3-4E52-A165-E12A869109FD}.Debug|Any CPU.ActiveCfg = Release|x64
		{F9501334-25D3-4E52-A165-E12A869109FD}.Debug|Any CPU.Build.0 = Release|x64
		{F9501334-25D3-4E52-A165-E12A869109FD}.Debug|x64.ActiveCfg = Debug|x64
		{F9501334-25D3-4E52-A165-E12A869109FD}.Debug|x64.Build.0 = Debug|x64
		{F9501334-25D3-4E52-A165-E12A869109FD}.Debug|x86.ActiveCfg = Debug|Any CPU
		{F9501334-25D3-4E52-A165-E12A869109FD}.Debug|x86.Build.0 = Debug|Any CPU
		{F9501334-25D3-4E52-A165-E12A869109FD}.Release|Any CPU.ActiveCfg = Release|x64
		{F9501334-25D3-4E52-A165-E12A869109FD}.Release|Any CPU.Build.0 = Release|x64
		{F9501334-25D3-4E52-A165-E12A869109FD}.Release|x64.ActiveCfg = Release|x64
		{F9501334-25D3-4E52-A165-E12A869109FD}.Release|x64.Build.0 = Release|x64
		{F9501334-25D3-4E52-A165-E12A869109FD}.Release|x86.ActiveCfg = Release|Any CPU
		{F9501334-25D3-4E52-A165-E12A869109FD}.Release|x86.Build.0 = Release|Any CPU
		{59C1E2B3-FFB9-4C5E-9205-6334694F18B8}.Debug|Any CPU.ActiveCfg = Release|x64
		{59C1E2B3-FFB9-4C5E-9205-6334694F18B8}.Debug|Any CPU.Build.0 = Release|x64
		{59C1E2B3-FFB9-4C5E-9205-6334694F18B8}.Debug|x64.ActiveCfg = Debug|x64
		{59C1E2B3-FFB9-4C5E-9205-6334694F18B8}.Debug|x64.Build.0 = Debug|x64
		{59C1E2B3-FFB9-4C5E-9205-6334694F18B8}.Debug|x86.ActiveCfg = Debug|x86
		{59C1E2B3-FFB9-4C5E-9205-6334694F18B8}.Debug|x86.Build.0 = Debug|x86
		{59C1E2B3-FFB9-4C5E-9205-6334694F18B8}.Release|Any CPU.ActiveCfg = Release|x64
		{59C1E2B3-FFB9-4C5E-9205-6334694F18B8}.Release|Any CPU.Build.0 = Release|x64
		{59C1E2B3-FFB9-4C5E-9205-6334694F18B8}.Release|x64.ActiveCfg = Release|x64
		{59C1E2B3-FFB9-4C5E-9205-6334694F18B8}.Release|x64.Build.0 = Release|x64
		{59C1E2B3-FFB9-4C5E-9205-6334694F18B8}.Release|x86.ActiveCfg = Release|x86
		{59C1E2B3-FFB9-4C5E-9205-6334694F18B8}.Release|x86.Build.0 = Release|x86
		{FAE34413-5F21-4FCE-86A6-08673BEEA664}.Debug|Any CPU.ActiveCfg = Release|x64
		{FAE34413-5F21-4FCE-86A6-08673BEEA664}.Debug|Any CPU.Build.0 = Release|x64
		{FAE34413-5F21-4FCE-86A6-08673BEEA664}.Debug|x64.ActiveCfg = Debug|x64
		{FAE34413-5F21-4FCE-86A6-08673BEEA664}.Debug|x64.Build.0 = Debug|x64
		{FAE34413-5F21-4FCE-86A6-08673BEEA664}.Debug|x86.ActiveCfg = Debug|Any CPU
		{FAE34413-5F21-4FCE-86A6-08673BEEA664}.Debug|x86.Build.0 = Debug|Any CPU
		{FAE34413-5F21-4FCE-86A6-08673BEEA664}.Release|Any CPU.ActiveCfg = Release|x64
		{FAE34413-5F21-4FCE-86A6-08673BEEA664}.Release|Any CPU.Build.0 = Release|x64
		{FAE34413-5F21-4FCE-86A6-08673BEEA664}.Release|x64.ActiveCfg = Release|x64
		{FAE34413-5F21-4FCE-86A6-08673BEEA664}.Release|x64.Build.0 = Release|x64
		{FAE34413-5F21-4FCE-86A6-08673BEEA664}.Release|x86.ActiveCfg = Release|Any CPU
		{FAE34413-5F21-4FCE-86A6-08673BEEA664}.Release|x86.Build.0 = Release|Any CPU
		{1C75FA3C-0731-4AD5-93CA-C36149E4240A}.Debug|Any CPU.ActiveCfg = Release|x64
		{1C75FA3C-0731-4AD5-93CA-C36149E4240A}.Debug|Any CPU.Build.0 = Release|x64
		{1C75FA3C-0731-4AD5-93CA-C36149E4240A}.Debug|x64.ActiveCfg = Debug|x64
		{1C75FA3C-0731-4AD5-93CA-C36149E4240A}.Debug|x64.Build.0 = Debug|x64
		{1C75FA3C-0731-4AD5-93CA-C36149E4240A}.Debug|x86.ActiveCfg = Debug|Any CPU
		{1C75FA3C-0731-4AD5-93CA-C36149E4240A}.Debug|x86.Build.0 = Debug|Any CPU
		{1C75FA3C-0731-4AD5-93CA-C36149E4240A}.Release|Any CPU.ActiveCfg = Release|x64
		{1C75FA3C-0731-4AD5-93CA-C36149E4240A}.Release|Any CPU.Build.0 = Release|x64
		{1C75FA3C-0731-4AD5-93CA-C36149E4240A}.Release|x64.ActiveCfg = Release|x64
		{1C75FA3C-0731-4AD5-93CA-C36149E4240A}.Release|x64.Build.0 = Release|x64
		{1C75FA3C-0731-4AD5-93CA-C36149E4240A}.Release|x86.ActiveCfg = Release|Any CPU
		{1C75FA3C-0731-4AD5-93CA-C36149E4240A}.Release|x86.Build.0 = Release|Any CPU
		{BF14AF68-4F6F-4910-9333-E736DDF409F9}.Debug|Any CPU.ActiveCfg = Release|x64
		{BF14AF68-4F6F-4910-9333-E736DDF409F9}.Debug|Any CPU.Build.0 = Release|x64
		{BF14AF68-4F6F-4910-9333-E736DDF409F9}.Debug|x64.ActiveCfg = Debug|x64
		{BF14AF68-4F6F-4910-9333-E736DDF409F9}.Debug|x64.Build.0 = Debug|x64
		{BF14AF68-4F6F-4910-9333-E736DDF409F9}.Debug|x86.ActiveCfg = Debug|Any CPU
		{BF14AF68-4F6F-4910-9333-E736DDF409F9}.Debug|x86.Build.0 = Debug|Any CPU
		{BF14AF68-4F6F-4910-9333-E736DDF409F9}.Release|Any CPU.ActiveCfg = Release|x64
		{BF14AF68-4F6F-4910-9333-E736DDF409F9}.Release|Any CPU.Build.0 = Release|x64
		{BF14AF68-4F6F-4910-9333-E736DDF409F9}.Release|x64.ActiveCfg = Release|x64
		{BF14AF68-4F6F-4910-9333-E736DDF409F9}.Release|x64.Build.0 = Release|x64
		{BF14AF68-4F6F-4910-9333-E736DDF409F9}.Release|x86.ActiveCfg = Release|Any CPU
		{BF14AF68-4F6F-4910-9333-E736DDF409F9}.Release|x86.Build.0 = Release|Any CPU
		{5F277AC7-8799-4A4C-A92E-A98C0C6352F9}.Debug|Any CPU.ActiveCfg = Release|x64
		{5F277AC7-8799-4A4C-A92E-A98C0C6352F9}.Debug|Any CPU.Build.0 = Release|x64
		{5F277AC7-8799-4A4C-A92E-A98C0C6352F9}.Debug|x64.ActiveCfg = Debug|x64
		{5F277AC7-8799-4A4C-A92E-A98C0C6352F9}.Debug|x64.Build.0 = Debug|x64
		{5F277AC7-8799-4A4C-A92E-A98C0C6352F9}.Debug|x86.ActiveCfg = Debug|Any CPU
		{5F277AC7-8799-4A4C-A92E-A98C0C6352F9}.Debug|x86.Build.0 = Debug|Any CPU
		{5F277AC7-8799-4A4C-A92E-A98C0C6352F9}.Release|Any CPU.ActiveCfg = Release|x64
		{5F277AC7-8799-4A4C-A92E-A98C0C6352F9}.Release|Any CPU.Build.0 = Release|x64
		{5F277AC7-8799-4A4C-A92E-A98C0C6352F9}.Release|x64.ActiveCfg = Release|x64
		{5F277AC7-8799-4A4C-A92E-A98C0C6352F9}.Release|x64.Build.0 = Release|x64
		{5F277AC7-8799-4A4C-A92E-A98C0C6352F9}.Release|x86.ActiveCfg = Release|Any CPU
		{5F277AC7-8799-4A4C-A92E-A98C0C6352F9}.Release|x86.Build.0 = Release|Any CPU
		{537E83BC-82DB-4CBB-AD32-E04BC552C09E}.Debug|Any CPU.ActiveCfg = Release|x64
		{537E83BC-82DB-4CBB-AD32-E04BC552C09E}.Debug|Any CPU.Build.0 = Release|x64
		{537E83BC-82DB-4CBB-AD32-E04BC552C09E}.Debug|x64.ActiveCfg = Debug|x64
		{537E83BC-82DB-4CBB-AD32-E04BC552C09E}.Debug|x64.Build.0 = Debug|x64
		{537E83BC-82DB-4CBB-AD32-E04BC552C09E}.Debug|x86.ActiveCfg = Debug|Any CPU
		{537E83BC-82DB-4CBB-AD32-E04BC552C09E}.Debug|x86.Build.0 = Debug|Any CPU
		{537E83BC-82DB-4CBB-AD32-E04BC552C09E}.Release|Any CPU.ActiveCfg = Release|x64
		{537E83BC-82DB-4CBB-AD32-E04BC552C09E}.Release|Any CPU.Build.0 = Release|x64
		{537E83BC-82DB-4CBB-AD32-E04BC552C09E}.Release|x64.ActiveCfg = Release|x64
		{537E83BC-82DB-4CBB-AD32-E04BC552C09E}.Release|x64.Build.0 = Release|x64
		{537E83BC-82DB-4CBB-AD32-E04BC552C09E}.Release|x86.ActiveCfg = Release|Any CPU
		{537E83BC-82DB-4CBB-AD32-E04BC552C09E}.Release|x86.Build.0 = Release|Any CPU
		{5D9AAAB1-876E-4466-A3E1-A1C899C063D7}.Debug|Any CPU.ActiveCfg = Release|x64
		{5D9AAAB1-876E-4466-A3E1-A1C899C063D7}.Debug|Any CPU.Build.0 = Release|x64
		{5D9AAAB1-876E-4466-A3E1-A1C899C063D7}.Debug|x64.ActiveCfg = Debug|x64
		{5D9AAAB1-876E-4466-A3E1-A1C899C063D7}.Debug|x64.Build.0 = Debug|x64
		{5D9AAAB1-876E-4466-A3E1-A1C899C063D7}.Debug|x86.ActiveCfg = Debug|Any CPU
		{5D9AAAB1-876E-4466-A3E1-A1C899C063D7}.Debug|x86.Build.0 = Debug|Any CPU
		{5D9AAAB1-876E-4466-A3E1-A1C899C063D7}.Release|Any CPU.ActiveCfg = Release|x64
		{5D9AAAB1-876E-4466-A3E1-A1C899C063D7}.Release|Any CPU.Build.0 = Release|x64
		{5D9AAAB1-876E-4466-A3E1-A1C899C063D7}.Release|x64.ActiveCfg = Release|x64
		{5D9AAAB1-876E-4466-A3E1-A1C899C063D7}.Release|x64.Build.0 = Release|x64
		{5D9AAAB1-876E-4466-A3E1-A1C899C063D7}.Release|x86.ActiveCfg = Release|Any CPU
		{5D9AAAB1-876E-4466-A3E1-A1C899C063D7}.Release|x86.Build.0 = Release|Any CPU
		{9E921B1B-D83E-422B-A7D5-00A8E9A089CC}.Debug|Any CPU.ActiveCfg = Release|x64
		{9E921B1B-D83E-422B-A7D5-00A8E9A089CC}.Debug|Any CPU.Build.0 = Release|x64
		{9E921B1B-D83E-422B-A7D5-00A8E9A089CC}.Debug|x64.ActiveCfg = Debug|x64
		{9E921B1B-D83E-422B-A7D5-00A8E9A089CC}.Debug|x64.Build.0 = Debug|x64
		{9E921B1B-D83E-422B-A7D5-00A8E9A089CC}.Debug|x86.ActiveCfg = Debug|Any CPU
		{9E921B1B-D83E-422B-A7D5-00A8E9A089CC}.Debug|x86.Build.0 = Debug|Any CPU
		{9E921B1B-D83E-422B-A7D5-00A8E9A089CC}.Release|Any CPU.ActiveCfg = Release|x64
		{9E921B1B-D83E-422B-A7D5-00A8E9A089CC}.Release|Any CPU.Build.0 = Release|x64
		{9E921B1B-D83E-422B-A7D5-00A8E9A089CC}.Release|x64.ActiveCfg = Release|x64
		{9E921B1B-D83E-422B-A7D5-00A8E9A089CC}.Release|x64.Build.0 = Release|x64
		{9E921B1B-D83E-422B-A7D5-00A8E9A089CC}.Release|x86.ActiveCfg = Release|Any CPU
		{9E921B1B-D83E-422B-A7D5-00A8E9A089CC}.Release|x86.Build.0 = Release|Any CPU
		{26FF0755-631D-4B96-816F-A8AF77853227}.Debug|Any CPU.ActiveCfg = Release|x64
		{26FF0755-631D-4B96-816F-A8AF77853227}.Debug|Any CPU.Build.0 = Release|x64
		{26FF0755-631D-4B96-816F-A8AF77853227}.Debug|x64.ActiveCfg = Debug|x64
		{26FF0755-631D-4B96-816F-A8AF77853227}.Debug|x64.Build.0 = Debug|x64
		{26FF0755-631D-4B96-816F-A8AF77853227}.Debug|x86.ActiveCfg = Debug|Any CPU
		{26FF0755-631D-4B96-816F-A8AF77853227}.Debug|x86.Build.0 = Debug|Any CPU
		{26FF0755-631D-4B96-816F-A8AF77853227}.Release|Any CPU.ActiveCfg = Release|x64
		{26FF0755-631D-4B96-816F-A8AF77853227}.Release|Any CPU.Build.0 = Release|x64
		{26FF0755-631D-4B96-816F-A8AF77853227}.Release|x64.ActiveCfg = Release|x64
		{26FF0755-631D-4B96-816F-A8AF77853227}.Release|x64.Build.0 = Release|x64
		{26FF0755-631D-4B96-816F-A8AF77853227}.Release|x86.ActiveCfg = Release|Any CPU
		{26FF0755-631D-4B96-816F-A8AF77853227}.Release|x86.Build.0 = Release|Any CPU
		{9E4F3705-8A7B-4FDC-8AF6-5E10252226E2}.Debug|Any CPU.ActiveCfg = Release|x64
		{9E4F3705-8A7B-4FDC-8AF6-5E10252226E2}.Debug|Any CPU.Build.0 = Release|x64
		{9E4F3705-8A7B-4FDC-8AF6-5E10252226E2}.Debug|x64.ActiveCfg = Debug|x64
		{9E4F3705-8A7B-4FDC-8AF6-5E10252226E2}.Debug|x64.Build.0 = Debug|x64
		{9E4F3705-8A7B-4FDC-8AF6-5E10252226E2}.Debug|x86.ActiveCfg = Debug|Any CPU
		{9E4F3705-8A7B-4FDC-8AF6-5E10252226E2}.Debug|x86.Build.0 = Debug|Any CPU
		{9E4F3705-8A7B-4FDC-8AF6-5E10252226E2}.Release|Any CPU.ActiveCfg = Release|x64
		{9E4F3705-8A7B-4FDC-8AF6-5E10252226E2}.Release|Any CPU.Build.0 = Release|x64
		{9E4F3705-8A7B-4FDC-8AF6-5E10252226E2}.Release|x64.ActiveCfg = Release|x64
		{9E4F3705-8A7B-4FDC-8AF6-5E10252226E2}.Release|x64.Build.0 = Release|x64
		{9E4F3705-8A7B-4FDC-8AF6-5E10252226E2}.Release|x86.ActiveCfg = Release|Any CPU
		{9E4F3705-8A7B-4FDC-8AF6-5E10252226E2}.Release|x86.Build.0 = Release|Any CPU
		{F42ACDF8-B744-47BA-96CB-09CF5600C081}.Debug|Any CPU.ActiveCfg = Release|x64
		{F42ACDF8-B744-47BA-96CB-09CF5600C081}.Debug|Any CPU.Build.0 = Release|x64
		{F42ACDF8-B744-47BA-96CB-09CF5600C081}.Debug|x64.ActiveCfg = Debug|x64
		{F42ACDF8-B744-47BA-96CB-09CF5600C081}.Debug|x64.Build.0 = Debug|x64
		{F42ACDF8-B744-47BA-96CB-09CF5600C081}.Debug|x86.ActiveCfg = Debug|Any CPU
		{F42ACDF8-B744-47BA-96CB-09CF5600C081}.Debug|x86.Build.0 = Debug|Any CPU
		{F42ACDF8-B744-47BA-96CB-09CF5600C081}.Release|Any CPU.ActiveCfg = Release|x64
		{F42ACDF8-B744-47BA-96CB-09CF5600C081}.Release|Any CPU.Build.0 = Release|x64
		{F42ACDF8-B744-47BA-96CB-09CF5600C081}.Release|x64.ActiveCfg = Release|x64
		{F42ACDF8-B744-47BA-96CB-09CF5600C081}.Release|x64.Build.0 = Release|x64
		{F42ACDF8-B744-47BA-96CB-09CF5600C081}.Release|x86.ActiveCfg = Release|Any CPU
		{F42ACDF8-B744-47BA-96CB-09CF5600C081}.Release|x86.Build.0 = Release|Any CPU
		{AE08E609-A309-4088-BDD9-C408A5C09562}.Debug|Any CPU.ActiveCfg = Release|x64
		{AE08E609-A309-4088-BDD9-C408A5C09562}.Debug|Any CPU.Build.0 = Release|x64
		{AE08E609-A309-4088-BDD9-C408A5C09562}.Debug|x64.ActiveCfg = Debug|x64
		{AE08E609-A309-4088-BDD9-C408A5C09562}.Debug|x64.Build.0 = Debug|x64
		{AE08E609-A309-4088-BDD9-C408A5C09562}.Debug|x86.ActiveCfg = Debug|Any CPU
		{AE08E609-A309-4088-BDD9-C408A5C09562}.Debug|x86.Build.0 = Debug|Any CPU
		{AE08E609-A309-4088-BDD9-C408A5C09562}.Release|Any CPU.ActiveCfg = Release|x64
		{AE08E609-A309-4088-BDD9-C408A5C09562}.Release|Any CPU.Build.0 = Release|x64
		{AE08E609-A309-4088-BDD9-C408A5C09562}.Release|x64.ActiveCfg = Release|x64
		{AE08E609-A309-4088-BDD9-C408A5C09562}.Release|x64.Build.0 = Release|x64
		{AE08E609-A309-4088-BDD9-C408A5C09562}.Release|x86.ActiveCfg = Release|Any CPU
		{AE08E609-A309-4088-BDD9-C408A5C09562}.Release|x86.Build.0 = Release|Any CPU
		{537D37AD-CAFD-4D3C-B787-39AC873D5645}.Debug|Any CPU.ActiveCfg = Release|x64
		{537D37AD-CAFD-4D3C-B787-39AC873D5645}.Debug|Any CPU.Build.0 = Release|x64
		{537D37AD-CAFD-4D3C-B787-39AC873D5645}.Debug|x64.ActiveCfg = Debug|x64
		{537D37AD-CAFD-4D3C-B787-39AC873D5645}.Debug|x64.Build.0 = Debug|x64
		{537D37AD-CAFD-4D3C-B787-39AC873D5645}.Debug|x86.ActiveCfg = Debug|Any CPU
		{537D37AD-CAFD-4D3C-B787-39AC873D5645}.Debug|x86.Build.0 = Debug|Any CPU
		{537D37AD-CAFD-4D3C-B787-39AC873D5645}.Release|Any CPU.ActiveCfg = Release|x64
		{537D37AD-CAFD-4D3C-B787-39AC873D5645}.Release|Any CPU.Build.0 = Release|x64
		{537D37AD-CAFD-4D3C-B787-39AC873D5645}.Release|x64.ActiveCfg = Release|x64
		{537D37AD-CAFD-4D3C-B787-39AC873D5645}.Release|x64.Build.0 = Release|x64
		{537D37AD-CAFD-4D3C-B787-39AC873D5645}.Release|x86.ActiveCfg = Release|Any CPU
		{537D37AD-CAFD-4D3C-B787-39AC873D5645}.Release|x86.Build.0 = Release|Any CPU
		{E707DFE3-1A57-4A4D-B9BA-92738F742D06}.Debug|Any CPU.ActiveCfg = Release|x64
		{E707DFE3-1A57-4A4D-B9BA-92738F742D06}.Debug|Any CPU.Build.0 = Release|x64
		{E707DFE3-1A57-4A4D-B9BA-92738F742D06}.Debug|x64.ActiveCfg = Debug|x64
		{E707DFE3-1A57-4A4D-B9BA-92738F742D06}.Debug|x64.Build.0 = Debug|x64
		{E707DFE3-1A57-4A4D-B9BA-92738F742D06}.Debug|x86.ActiveCfg = Debug|Any CPU
		{E707DFE3-1A57-4A4D-B9BA-92738F742D06}.Debug|x86.Build.0 = Debug|Any CPU
		{E707DFE3-1A57-4A4D-B9BA-92738F742D06}.Release|Any CPU.ActiveCfg = Release|x64
		{E707DFE3-1A57-4A4D-B9BA-92738F742D06}.Release|Any CPU.Build.0 = Release|x64
		{E707DFE3-1A57-4A4D-B9BA-92738F742D06}.Release|x64.ActiveCfg = Release|x64
		{E707DFE3-1A57-4A4D-B9BA-92738F742D06}.Release|x64.Build.0 = Release|x64
		{E707DFE3-1A57-4A4D-B9BA-92738F742D06}.Release|x86.ActiveCfg = Release|Any CPU
		{E707DFE3-1A57-4A4D-B9BA-92738F742D06}.Release|x86.Build.0 = Release|Any CPU
		{8F31AC26-56B9-4802-9173-B23ACD65514D}.Debug|Any CPU.ActiveCfg = Release|x64
		{8F31AC26-56B9-4802-9173-B23ACD65514D}.Debug|Any CPU.Build.0 = Release|x64
		{8F31AC26-56B9-4802-9173-B23ACD65514D}.Debug|x64.ActiveCfg = Debug|x64
		{8F31AC26-56B9-4802-9173-B23ACD65514D}.Debug|x64.Build.0 = Debug|x64
		{8F31AC26-56B9-4802-9173-B23ACD65514D}.Debug|x86.ActiveCfg = Debug|Any CPU
		{8F31AC26-56B9-4802-9173-B23ACD65514D}.Debug|x86.Build.0 = Debug|Any CPU
		{8F31AC26-56B9-4802-9173-B23ACD65514D}.Release|Any CPU.ActiveCfg = Release|x64
		{8F31AC26-56B9-4802-9173-B23ACD65514D}.Release|Any CPU.Build.0 = Release|x64
		{8F31AC26-56B9-4802-9173-B23ACD65514D}.Release|x64.ActiveCfg = Release|x64
		{8F31AC26-56B9-4802-9173-B23ACD65514D}.Release|x64.Build.0 = Release|x64
		{8F31AC26-56B9-4802-9173-B23ACD65514D}.Release|x86.ActiveCfg = Release|Any CPU
		{8F31AC26-56B9-4802-9173-B23ACD65514D}.Release|x86.Build.0 = Release|Any CPU
		{4278375F-279D-430D-B267-F3EDB66FD582}.Debug|Any CPU.ActiveCfg = Release|x64
		{4278375F-279D-430D-B267-F3EDB66FD582}.Debug|Any CPU.Build.0 = Release|x64
		{4278375F-279D-430D-B267-F3EDB66FD582}.Debug|x64.ActiveCfg = Debug|x64
		{4278375F-279D-430D-B267-F3EDB66FD582}.Debug|x64.Build.0 = Debug|x64
		{4278375F-279D-430D-B267-F3EDB66FD582}.Debug|x86.ActiveCfg = Debug|Any CPU
		{4278375F-279D-430D-B267-F3EDB66FD582}.Debug|x86.Build.0 = Debug|Any CPU
		{4278375F-279D-430D-B267-F3EDB66FD582}.Release|Any CPU.ActiveCfg = Release|x64
		{4278375F-279D-430D-B267-F3EDB66FD582}.Release|Any CPU.Build.0 = Release|x64
		{4278375F-279D-430D-B267-F3EDB66FD582}.Release|x64.ActiveCfg = Release|x64
		{4278375F-279D-430D-B267-F3EDB66FD582}.Release|x64.Build.0 = Release|x64
		{4278375F-279D-430D-B267-F3EDB66FD582}.Release|x86.ActiveCfg = Release|Any CPU
		{4278375F-279D-430D-B267-F3EDB66FD582}.Release|x86.Build.0 = Release|Any CPU
		{4F1FD824-2682-4567-A013-DF6FD706A622}.Debug|Any CPU.ActiveCfg = Release|x64
		{4F1FD824-2682-4567-A013-DF6FD706A622}.Debug|Any CPU.Build.0 = Release|x64
		{4F1FD824-2682-4567-A013-DF6FD706A622}.Debug|x64.ActiveCfg = Debug|x64
		{4F1FD824-2682-4567-A013-DF6FD706A622}.Debug|x64.Build.0 = Debug|x64
		{4F1FD824-2682-4567-A013-DF6FD706A622}.Debug|x86.ActiveCfg = Debug|Any CPU
		{4F1FD824-2682-4567-A013-DF6FD706A622}.Debug|x86.Build.0 = Debug|Any CPU
		{4F1FD824-2682-4567-A013-DF6FD706A622}.Release|Any CPU.ActiveCfg = Release|x64
		{4F1FD824-2682-4567-A013-DF6FD706A622}.Release|Any CPU.Build.0 = Release|x64
		{4F1FD824-2682-4567-A013-DF6FD706A622}.Release|x64.ActiveCfg = Release|x64
		{4F1FD824-2682-4567-A013-DF6FD706A622}.Release|x64.Build.0 = Release|x64
		{4F1FD824-2682-4567-A013-DF6FD706A622}.Release|x86.ActiveCfg = Release|Any CPU
		{4F1FD824-2682-4567-A013-DF6FD706A622}.Release|x86.Build.0 = Release|Any CPU
		{90C43D7D-1134-4D5B-910C-AEEF49FF8F01}.Debug|Any CPU.ActiveCfg = Release|x64
		{90C43D7D-1134-4D5B-910C-AEEF49FF8F01}.Debug|Any CPU.Build.0 = Release|x64
		{90C43D7D-1134-4D5B-910C-AEEF49FF8F01}.Debug|x64.ActiveCfg = Debug|x64
		{90C43D7D-1134-4D5B-910C-AEEF49FF8F01}.Debug|x64.Build.0 = Debug|x64
		{90C43D7D-1134-4D5B-910C-AEEF49FF8F01}.Debug|x86.ActiveCfg = Debug|Any CPU
		{90C43D7D-1134-4D5B-910C-AEEF49FF8F01}.Debug|x86.Build.0 = Debug|Any CPU
		{90C43D7D-1134-4D5B-910C-AEEF49FF8F01}.Release|Any CPU.ActiveCfg = Release|x64
		{90C43D7D-1134-4D5B-910C-AEEF49FF8F01}.Release|Any CPU.Build.0 = Release|x64
		{90C43D7D-1134-4D5B-910C-AEEF49FF8F01}.Release|x64.ActiveCfg = Release|x64
		{90C43D7D-1134-4D5B-910C-AEEF49FF8F01}.Release|x64.Build.0 = Release|x64
		{90C43D7D-1134-4D5B-910C-AEEF49FF8F01}.Release|x86.ActiveCfg = Release|Any CPU
		{90C43D7D-1134-4D5B-910C-AEEF49FF8F01}.Release|x86.Build.0 = Release|Any CPU
		{8BFB9793-2875-4929-A22A-DAC2208E2DC7}.Debug|Any CPU.ActiveCfg = Release|x64
		{8BFB9793-2875-4929-A22A-DAC2208E2DC7}.Debug|Any CPU.Build.0 = Release|x64
		{8BFB9793-2875-4929-A22A-DAC2208E2DC7}.Debug|x64.ActiveCfg = Debug|x64
		{8BFB9793-2875-4929-A22A-DAC2208E2DC7}.Debug|x64.Build.0 = Debug|x64
		{8BFB9793-2875-4929-A22A-DAC2208E2DC7}.Debug|x86.ActiveCfg = Debug|Any CPU
		{8BFB9793-2875-4929-A22A-DAC2208E2DC7}.Debug|x86.Build.0 = Debug|Any CPU
		{8BFB9793-2875-4929-A22A-DAC2208E2DC7}.Release|Any CPU.ActiveCfg = Release|x64
		{8BFB9793-2875-4929-A22A-DAC2208E2DC7}.Release|Any CPU.Build.0 = Release|x64
		{8BFB9793-2875-4929-A22A-DAC2208E2DC7}.Release|x64.ActiveCfg = Release|x64
		{8BFB9793-2875-4929-A22A-DAC2208E2DC7}.Release|x64.Build.0 = Release|x64
		{8BFB9793-2875-4929-A22A-DAC2208E2DC7}.Release|x86.ActiveCfg = Release|Any CPU
		{8BFB9793-2875-4929-A22A-DAC2208E2DC7}.Release|x86.Build.0 = Release|Any CPU
		{9860BF11-6018-4F24-97C2-91F3ADAD3C9F}.Debug|Any CPU.ActiveCfg = Release|x64
		{9860BF11-6018-4F24-97C2-91F3ADAD3C9F}.Debug|Any CPU.Build.0 = Release|x64
		{9860BF11-6018-4F24-97C2-91F3ADAD3C9F}.Debug|x64.ActiveCfg = Debug|x64
		{9860BF11-6018-4F24-97C2-91F3ADAD3C9F}.Debug|x64.Build.0 = Debug|x64
		{9860BF11-6018-4F24-97C2-91F3ADAD3C9F}.Debug|x86.ActiveCfg = Debug|Any CPU
		{9860BF11-6018-4F24-97C2-91F3ADAD3C9F}.Debug|x86.Build.0 = Debug|Any CPU
		{9860BF11-6018-4F24-97C2-91F3ADAD3C9F}.Release|Any CPU.ActiveCfg = Release|x64
		{9860BF11-6018-4F24-97C2-91F3ADAD3C9F}.Release|Any CPU.Build.0 = Release|x64
		{9860BF11-6018-4F24-97C2-91F3ADAD3C9F}.Release|x64.ActiveCfg = Release|x64
		{9860BF11-6018-4F24-97C2-91F3ADAD3C9F}.Release|x64.Build.0 = Release|x64
		{9860BF11-6018-4F24-97C2-91F3ADAD3C9F}.Release|x86.ActiveCfg = Release|Any CPU
		{9860BF11-6018-4F24-97C2-91F3ADAD3C9F}.Release|x86.Build.0 = Release|Any CPU
		{D8C26152-2E97-4BC1-A996-52AEDCFFAE47}.Debug|Any CPU.ActiveCfg = Release|x64
		{D8C26152-2E97-4BC1-A996-52AEDCFFAE47}.Debug|Any CPU.Build.0 = Release|x64
		{D8C26152-2E97-4BC1-A996-52AEDCFFAE47}.Debug|x64.ActiveCfg = Debug|x64
		{D8C26152-2E97-4BC1-A996-52AEDCFFAE47}.Debug|x64.Build.0 = Debug|x64
		{D8C26152-2E97-4BC1-A996-52AEDCFFAE47}.Debug|x86.ActiveCfg = Debug|Any CPU
		{D8C26152-2E97-4BC1-A996-52AEDCFFAE47}.Debug|x86.Build.0 = Debug|Any CPU
		{D8C26152-2E97-4BC1-A996-52AEDCFFAE47}.Release|Any CPU.ActiveCfg = Release|x64
		{D8C26152-2E97-4BC1-A996-52AEDCFFAE47}.Release|Any CPU.Build.0 = Release|x64
		{D8C26152-2E97-4BC1-A996-52AEDCFFAE47}.Release|x64.ActiveCfg = Release|x64
		{D8C26152-2E97-4BC1-A996-52AEDCFFAE47}.Release|x64.Build.0 = Release|x64
		{D8C26152-2E97-4BC1-A996-52AEDCFFAE47}.Release|x86.ActiveCfg = Release|Any CPU
		{D8C26152-2E97-4BC1-A996-52AEDCFFAE47}.Release|x86.Build.0 = Release|Any CPU
		{999FC18E-1109-4FDD-80E7-4648C26E113F}.Debug|Any CPU.ActiveCfg = Release|x64
		{999FC18E-1109-4FDD-80E7-4648C26E113F}.Debug|Any CPU.Build.0 = Release|x64
		{999FC18E-1109-4FDD-80E7-4648C26E113F}.Debug|x64.ActiveCfg = Debug|x64
		{999FC18E-1109-4FDD-80E7-4648C26E113F}.Debug|x64.Build.0 = Debug|x64
		{999FC18E-1109-4FDD-80E7-4648C26E113F}.Debug|x86.ActiveCfg = Debug|Any CPU
		{999FC18E-1109-4FDD-80E7-4648C26E113F}.Debug|x86.Build.0 = Debug|Any CPU
		{999FC18E-1109-4FDD-80E7-4648C26E113F}.Release|Any CPU.ActiveCfg = Release|x64
		{999FC18E-1109-4FDD-80E7-4648C26E113F}.Release|Any CPU.Build.0 = Release|x64
		{999FC18E-1109-4FDD-80E7-4648C26E113F}.Release|x64.ActiveCfg = Release|x64
		{999FC18E-1109-4FDD-80E7-4648C26E113F}.Release|x64.Build.0 = Release|x64
		{999FC18E-1109-4FDD-80E7-4648C26E113F}.Release|x86.ActiveCfg = Release|Any CPU
		{999FC18E-1109-4FDD-80E7-4648C26E113F}.Release|x86.Build.0 = Release|Any CPU
		{0FD82822-C27C-423C-A9BB-46CBC93E2E04}.Debug|Any CPU.ActiveCfg = Release|x64
		{0FD82822-C27C-423C-A9BB-46CBC93E2E04}.Debug|Any CPU.Build.0 = Release|x64
		{0FD82822-C27C-423C-A9BB-46CBC93E2E04}.Debug|x64.ActiveCfg = Debug|x64
		{0FD82822-C27C-423C-A9BB-46CBC93E2E04}.Debug|x64.Build.0 = Debug|x64
		{0FD82822-C27C-423C-A9BB-46CBC93E2E04}.Debug|x86.ActiveCfg = Debug|Any CPU
		{0FD82822-C27C-423C-A9BB-46CBC93E2E04}.Debug|x86.Build.0 = Debug|Any CPU
		{0FD82822-C27C-423C-A9BB-46CBC93E2E04}.Release|Any CPU.ActiveCfg = Release|x64
		{0FD82822-C27C-423C-A9BB-46CBC93E2E04}.Release|Any CPU.Build.0 = Release|x64
		{0FD82822-C27C-423C-A9BB-46CBC93E2E04}.Release|x64.ActiveCfg = Release|x64
		{0FD82822-C27C-423C-A9BB-46CBC93E2E04}.Release|x64.Build.0 = Release|x64
		{0FD82822-C27C-423C-A9BB-46CBC93E2E04}.Release|x86.ActiveCfg = Release|Any CPU
		{0FD82822-C27C-423C-A9BB-46CBC93E2E04}.Release|x86.Build.0 = Release|Any CPU
		{DF304728-F1D0-4370-94E0-12C0C0347285}.Debug|Any CPU.ActiveCfg = Release|x64
		{DF304728-F1D0-4370-94E0-12C0C0347285}.Debug|Any CPU.Build.0 = Release|x64
		{DF304728-F1D0-4370-94E0-12C0C0347285}.Debug|x64.ActiveCfg = Debug|x64
		{DF304728-F1D0-4370-94E0-12C0C0347285}.Debug|x64.Build.0 = Debug|x64
		{DF304728-F1D0-4370-94E0-12C0C0347285}.Debug|x86.ActiveCfg = Debug|Any CPU
		{DF304728-F1D0-4370-94E0-12C0C0347285}.Debug|x86.Build.0 = Debug|Any CPU
		{DF304728-F1D0-4370-94E0-12C0C0347285}.Release|Any CPU.ActiveCfg = Release|x64
		{DF304728-F1D0-4370-94E0-12C0C0347285}.Release|Any CPU.Build.0 = Release|x64
		{DF304728-F1D0-4370-94E0-12C0C0347285}.Release|x64.ActiveCfg = Release|x64
		{DF304728-F1D0-4370-94E0-12C0C0347285}.Release|x64.Build.0 = Release|x64
		{DF304728-F1D0-4370-94E0-12C0C0347285}.Release|x86.ActiveCfg = Release|Any CPU
		{DF304728-F1D0-4370-94E0-12C0C0347285}.Release|x86.Build.0 = Release|Any CPU
		{97B31BCE-9A62-4512-96D4-F3ECE2593C20}.Debug|Any CPU.ActiveCfg = Release|x64
		{97B31BCE-9A62-4512-96D4-F3ECE2593C20}.Debug|Any CPU.Build.0 = Release|x64
		{97B31BCE-9A62-4512-96D4-F3ECE2593C20}.Debug|x64.ActiveCfg = Debug|x64
		{97B31BCE-9A62-4512-96D4-F3ECE2593C20}.Debug|x64.Build.0 = Debug|x64
		{97B31BCE-9A62-4512-96D4-F3ECE2593C20}.Debug|x86.ActiveCfg = Debug|Any CPU
		{97B31BCE-9A62-4512-96D4-F3ECE2593C20}.Debug|x86.Build.0 = Debug|Any CPU
		{97B31BCE-9A62-4512-96D4-F3ECE2593C20}.Release|Any CPU.ActiveCfg = Release|x64
		{97B31BCE-9A62-4512-96D4-F3ECE2593C20}.Release|Any CPU.Build.0 = Release|x64
		{97B31BCE-9A62-4512-96D4-F3ECE2593C20}.Release|x64.ActiveCfg = Release|x64
		{97B31BCE-9A62-4512-96D4-F3ECE2593C20}.Release|x64.Build.0 = Release|x64
		{97B31BCE-9A62-4512-96D4-F3ECE2593C20}.Release|x86.ActiveCfg = Release|Any CPU
		{97B31BCE-9A62-4512-96D4-F3ECE2593C20}.Release|x86.Build.0 = Release|Any CPU
		{EB18DC62-4843-4DD4-9A1F-A96C44B45255}.Debug|Any CPU.ActiveCfg = Release|x64
		{EB18DC62-4843-4DD4-9A1F-A96C44B45255}.Debug|Any CPU.Build.0 = Release|x64
		{EB18DC62-4843-4DD4-9A1F-A96C44B45255}.Debug|x64.ActiveCfg = Debug|x64
		{EB18DC62-4843-4DD4-9A1F-A96C44B45255}.Debug|x64.Build.0 = Debug|x64
		{EB18DC62-4843-4DD4-9A1F-A96C44B45255}.Debug|x86.ActiveCfg = Debug|Any CPU
		{EB18DC62-4843-4DD4-9A1F-A96C44B45255}.Debug|x86.Build.0 = Debug|Any CPU
		{EB18DC62-4843-4DD4-9A1F-A96C44B45255}.Release|Any CPU.ActiveCfg = Release|x64
		{EB18DC62-4843-4DD4-9A1F-A96C44B45255}.Release|Any CPU.Build.0 = Release|x64
		{EB18DC62-4843-4DD4-9A1F-A96C44B45255}.Release|x64.ActiveCfg = Release|x64
		{EB18DC62-4843-4DD4-9A1F-A96C44B45255}.Release|x64.Build.0 = Release|x64
		{EB18DC62-4843-4DD4-9A1F-A96C44B45255}.Release|x86.ActiveCfg = Release|Any CPU
		{EB18DC62-4843-4DD4-9A1F-A96C44B45255}.Release|x86.Build.0 = Release|Any CPU
		{2023B74D-6882-48FA-A30D-A66AE091C642}.Debug|Any CPU.ActiveCfg = Release|x64
		{2023B74D-6882-48FA-A30D-A66AE091C642}.Debug|Any CPU.Build.0 = Release|x64
		{2023B74D-6882-48FA-A30D-A66AE091C642}.Debug|x64.ActiveCfg = Debug|x64
		{2023B74D-6882-48FA-A30D-A66AE091C642}.Debug|x64.Build.0 = Debug|x64
		{2023B74D-6882-48FA-A30D-A66AE091C642}.Debug|x86.ActiveCfg = Debug|Any CPU
		{2023B74D-6882-48FA-A30D-A66AE091C642}.Debug|x86.Build.0 = Debug|Any CPU
		{2023B74D-6882-48FA-A30D-A66AE091C642}.Release|Any CPU.ActiveCfg = Release|x64
		{2023B74D-6882-48FA-A30D-A66AE091C642}.Release|Any CPU.Build.0 = Release|x64
		{2023B74D-6882-48FA-A30D-A66AE091C642}.Release|x64.ActiveCfg = Release|x64
		{2023B74D-6882-48FA-A30D-A66AE091C642}.Release|x64.Build.0 = Release|x64
		{2023B74D-6882-48FA-A30D-A66AE091C642}.Release|x86.ActiveCfg = Release|Any CPU
		{2023B74D-6882-48FA-A30D-A66AE091C642}.Release|x86.Build.0 = Release|Any CPU
		{7B058681-3A24-4A2F-800E-74577BBA24E8}.Debug|Any CPU.ActiveCfg = Release|x64
		{7B058681-3A24-4A2F-800E-74577BBA24E8}.Debug|Any CPU.Build.0 = Release|x64
		{7B058681-3A24-4A2F-800E-74577BBA24E8}.Debug|x64.ActiveCfg = Debug|x64
		{7B058681-3A24-4A2F-800E-74577BBA24E8}.Debug|x64.Build.0 = Debug|x64
		{7B058681-3A24-4A2F-800E-74577BBA24E8}.Debug|x86.ActiveCfg = Debug|Any CPU
		{7B058681-3A24-4A2F-800E-74577BBA24E8}.Debug|x86.Build.0 = Debug|Any CPU
		{7B058681-3A24-4A2F-800E-74577BBA24E8}.Release|Any CPU.ActiveCfg = Release|x64
		{7B058681-3A24-4A2F-800E-74577BBA24E8}.Release|Any CPU.Build.0 = Release|x64
		{7B058681-3A24-4A2F-800E-74577BBA24E8}.Release|x64.ActiveCfg = Release|x64
		{7B058681-3A24-4A2F-800E-74577BBA24E8}.Release|x64.Build.0 = Release|x64
		{7B058681-3A24-4A2F-800E-74577BBA24E8}.Release|x86.ActiveCfg = Release|Any CPU
		{7B058681-3A24-4A2F-800E-74577BBA24E8}.Release|x86.Build.0 = Release|Any CPU
		{B8683B99-F8E2-4233-B548-963496F9A88D}.Debug|Any CPU.ActiveCfg = Release|x64
		{B8683B99-F8E2-4233-B548-963496F9A88D}.Debug|Any CPU.Build.0 = Release|x64
		{B8683B99-F8E2-4233-B548-963496F9A88D}.Debug|x64.ActiveCfg = Debug|x64
		{B8683B99-F8E2-4233-B548-963496F9A88D}.Debug|x64.Build.0 = Debug|x64
		{B8683B99-F8E2-4233-B548-963496F9A88D}.Debug|x86.ActiveCfg = Debug|Any CPU
		{B8683B99-F8E2-4233-B548-963496F9A88D}.Debug|x86.Build.0 = Debug|Any CPU
		{B8683B99-F8E2-4233-B548-963496F9A88D}.Release|Any CPU.ActiveCfg = Release|x64
		{B8683B99-F8E2-4233-B548-963496F9A88D}.Release|Any CPU.Build.0 = Release|x64
		{B8683B99-F8E2-4233-B548-963496F9A88D}.Release|x64.ActiveCfg = Release|x64
		{B8683B99-F8E2-4233-B548-963496F9A88D}.Release|x64.Build.0 = Release|x64
		{B8683B99-F8E2-4233-B548-963496F9A88D}.Release|x86.ActiveCfg = Release|Any CPU
		{B8683B99-F8E2-4233-B548-963496F9A88D}.Release|x86.Build.0 = Release|Any CPU
		{CBA99930-6A51-43D9-9F11-285A7A483C4F}.Debug|Any CPU.ActiveCfg = Release|x64
		{CBA99930-6A51-43D9-9F11-285A7A483C4F}.Debug|Any CPU.Build.0 = Release|x64
		{CBA99930-6A51-43D9-9F11-285A7A483C4F}.Debug|x64.ActiveCfg = Debug|x64
		{CBA99930-6A51-43D9-9F11-285A7A483C4F}.Debug|x64.Build.0 = Debug|x64
		{CBA99930-6A51-43D9-9F11-285A7A483C4F}.Debug|x86.ActiveCfg = Debug|Any CPU
		{CBA99930-6A51-43D9-9F11-285A7A483C4F}.Debug|x86.Build.0 = Debug|Any CPU
		{CBA99930-6A51-43D9-9F11-285A7A483C4F}.Release|Any CPU.ActiveCfg = Release|x64
		{CBA99930-6A51-43D9-9F11-285A7A483C4F}.Release|Any CPU.Build.0 = Release|x64
		{CBA99930-6A51-43D9-9F11-285A7A483C4F}.Release|x64.ActiveCfg = Release|x64
		{CBA99930-6A51-43D9-9F11-285A7A483C4F}.Release|x64.Build.0 = Release|x64
		{CBA99930-6A51-43D9-9F11-285A7A483C4F}.Release|x86.ActiveCfg = Release|Any CPU
		{CBA99930-6A51-43D9-9F11-285A7A483C4F}.Release|x86.Build.0 = Release|Any CPU
		{CCC4AEA8-F676-4692-B35C-A80CED6DBA2F}.Debug|Any CPU.ActiveCfg = Release|x64
		{CCC4AEA8-F676-4692-B35C-A80CED6DBA2F}.Debug|Any CPU.Build.0 = Release|x64
		{CCC4AEA8-F676-4692-B35C-A80CED6DBA2F}.Debug|x64.ActiveCfg = Debug|x64
		{CCC4AEA8-F676-4692-B35C-A80CED6DBA2F}.Debug|x64.Build.0 = Debug|x64
		{CCC4AEA8-F676-4692-B35C-A80CED6DBA2F}.Debug|x86.ActiveCfg = Debug|Any CPU
		{CCC4AEA8-F676-4692-B35C-A80CED6DBA2F}.Debug|x86.Build.0 = Debug|Any CPU
		{CCC4AEA8-F676-4692-B35C-A80CED6DBA2F}.Release|Any CPU.ActiveCfg = Release|x64
		{CCC4AEA8-F676-4692-B35C-A80CED6DBA2F}.Release|Any CPU.Build.0 = Release|x64
		{CCC4AEA8-F676-4692-B35C-A80CED6DBA2F}.Release|x64.ActiveCfg = Release|x64
		{CCC4AEA8-F676-4692-B35C-A80CED6DBA2F}.Release|x64.Build.0 = Release|x64
		{CCC4AEA8-F676-4692-B35C-A80CED6DBA2F}.Release|x86.ActiveCfg = Release|Any CPU
		{CCC4AEA8-F676-4692-B35C-A80CED6DBA2F}.Release|x86.Build.0 = Release|Any CPU
		{5707F2AE-910F-4522-A9A6-8BB3B472547E}.Debug|Any CPU.ActiveCfg = Release|x64
		{5707F2AE-910F-4522-A9A6-8BB3B472547E}.Debug|Any CPU.Build.0 = Release|x64
		{5707F2AE-910F-4522-A9A6-8BB3B472547E}.Debug|x64.ActiveCfg = Debug|x64
		{5707F2AE-910F-4522-A9A6-8BB3B472547E}.Debug|x64.Build.0 = Debug|x64
		{5707F2AE-910F-4522-A9A6-8BB3B472547E}.Debug|x86.ActiveCfg = Debug|Any CPU
		{5707F2AE-910F-4522-A9A6-8BB3B472547E}.Debug|x86.Build.0 = Debug|Any CPU
		{5707F2AE-910F-4522-A9A6-8BB3B472547E}.Release|Any CPU.ActiveCfg = Release|x64
		{5707F2AE-910F-4522-A9A6-8BB3B472547E}.Release|Any CPU.Build.0 = Release|x64
		{5707F2AE-910F-4522-A9A6-8BB3B472547E}.Release|x64.ActiveCfg = Release|x64
		{5707F2AE-910F-4522-A9A6-8BB3B472547E}.Release|x64.Build.0 = Release|x64
		{5707F2AE-910F-4522-A9A6-8BB3B472547E}.Release|x86.ActiveCfg = Release|Any CPU
		{5707F2AE-910F-4522-A9A6-8BB3B472547E}.Release|x86.Build.0 = Release|Any CPU
		{28FBD0C2-A266-4305-8A32-C72B41F8AEB1}.Debug|Any CPU.ActiveCfg = Release|x64
		{28FBD0C2-A266-4305-8A32-C72B41F8AEB1}.Debug|Any CPU.Build.0 = Release|x64
		{28FBD0C2-A266-4305-8A32-C72B41F8AEB1}.Debug|x64.ActiveCfg = Debug|x64
		{28FBD0C2-A266-4305-8A32-C72B41F8AEB1}.Debug|x64.Build.0 = Debug|x64
		{28FBD0C2-A266-4305-8A32-C72B41F8AEB1}.Debug|x86.ActiveCfg = Debug|Any CPU
		{28FBD0C2-A266-4305-8A32-C72B41F8AEB1}.Debug|x86.Build.0 = Debug|Any CPU
		{28FBD0C2-A266-4305-8A32-C72B41F8AEB1}.Release|Any CPU.ActiveCfg = Release|x64
		{28FBD0C2-A266-4305-8A32-C72B41F8AEB1}.Release|Any CPU.Build.0 = Release|x64
		{28FBD0C2-A266-4305-8A32-C72B41F8AEB1}.Release|x64.ActiveCfg = Release|x64
		{28FBD0C2-A266-4305-8A32-C72B41F8AEB1}.Release|x64.Build.0 = Release|x64
		{28FBD0C2-A266-4305-8A32-C72B41F8AEB1}.Release|x86.ActiveCfg = Release|Any CPU
		{28FBD0C2-A266-4305-8A32-C72B41F8AEB1}.Release|x86.Build.0 = Release|Any CPU
		{51611586-1E46-471A-9B34-7E9AB959C425}.Debug|Any CPU.ActiveCfg = Release|x64
		{51611586-1E46-471A-9B34-7E9AB959C425}.Debug|Any CPU.Build.0 = Release|x64
		{51611586-1E46-471A-9B34-7E9AB959C425}.Debug|x64.ActiveCfg = Debug|x64
		{51611586-1E46-471A-9B34-7E9AB959C425}.Debug|x64.Build.0 = Debug|x64
		{51611586-1E46-471A-9B34-7E9AB959C425}.Debug|x86.ActiveCfg = Debug|Any CPU
		{51611586-1E46-471A-9B34-7E9AB959C425}.Debug|x86.Build.0 = Debug|Any CPU
		{51611586-1E46-471A-9B34-7E9AB959C425}.Release|Any CPU.ActiveCfg = Release|x64
		{51611586-1E46-471A-9B34-7E9AB959C425}.Release|Any CPU.Build.0 = Release|x64
		{51611586-1E46-471A-9B34-7E9AB959C425}.Release|x64.ActiveCfg = Release|x64
		{51611586-1E46-471A-9B34-7E9AB959C425}.Release|x64.Build.0 = Release|x64
		{51611586-1E46-471A-9B34-7E9AB959C425}.Release|x86.ActiveCfg = Release|Any CPU
		{51611586-1E46-471A-9B34-7E9AB959C425}.Release|x86.Build.0 = Release|Any CPU
		{5A96167C-F7F5-441B-B53E-DCFC15DCB224}.Debug|Any CPU.ActiveCfg = Release|x64
		{5A96167C-F7F5-441B-B53E-DCFC15DCB224}.Debug|Any CPU.Build.0 = Release|x64
		{5A96167C-F7F5-441B-B53E-DCFC15DCB224}.Debug|x64.ActiveCfg = Debug|x64
		{5A96167C-F7F5-441B-B53E-DCFC15DCB224}.Debug|x64.Build.0 = Debug|x64
		{5A96167C-F7F5-441B-B53E-DCFC15DCB224}.Debug|x86.ActiveCfg = Debug|Any CPU
		{5A96167C-F7F5-441B-B53E-DCFC15DCB224}.Debug|x86.Build.0 = Debug|Any CPU
		{5A96167C-F7F5-441B-B53E-DCFC15DCB224}.Release|Any CPU.ActiveCfg = Release|x64
		{5A96167C-F7F5-441B-B53E-DCFC15DCB224}.Release|Any CPU.Build.0 = Release|x64
		{5A96167C-F7F5-441B-B53E-DCFC15DCB224}.Release|x64.ActiveCfg = Release|x64
		{5A96167C-F7F5-441B-B53E-DCFC15DCB224}.Release|x64.Build.0 = Release|x64
		{5A96167C-F7F5-441B-B53E-DCFC15DCB224}.Release|x86.ActiveCfg = Release|Any CPU
		{5A96167C-F7F5-441B-B53E-DCFC15DCB224}.Release|x86.Build.0 = Release|Any CPU
		{20E945A9-2A97-427C-B174-39A10EB6E2A0}.Debug|Any CPU.ActiveCfg = Release|x64
		{20E945A9-2A97-427C-B174-39A10EB6E2A0}.Debug|Any CPU.Build.0 = Release|x64
		{20E945A9-2A97-427C-B174-39A10EB6E2A0}.Debug|x64.ActiveCfg = Debug|x64
		{20E945A9-2A97-427C-B174-39A10EB6E2A0}.Debug|x64.Build.0 = Debug|x64
		{20E945A9-2A97-427C-B174-39A10EB6E2A0}.Debug|x86.ActiveCfg = Debug|Any CPU
		{20E945A9-2A97-427C-B174-39A10EB6E2A0}.Debug|x86.Build.0 = Debug|Any CPU
		{20E945A9-2A97-427C-B174-39A10EB6E2A0}.Release|Any CPU.ActiveCfg = Release|x64
		{20E945A9-2A97-427C-B174-39A10EB6E2A0}.Release|Any CPU.Build.0 = Release|x64
		{20E945A9-2A97-427C-B174-39A10EB6E2A0}.Release|x64.ActiveCfg = Release|x64
		{20E945A9-2A97-427C-B174-39A10EB6E2A0}.Release|x64.Build.0 = Release|x64
		{20E945A9-2A97-427C-B174-39A10EB6E2A0}.Release|x86.ActiveCfg = Release|Any CPU
		{20E945A9-2A97-427C-B174-39A10EB6E2A0}.Release|x86.Build.0 = Release|Any CPU
		{0D432104-AE0F-4721-98B5-D749EB764EEA}.Debug|Any CPU.ActiveCfg = Release|x64
		{0D432104-AE0F-4721-98B5-D749EB764EEA}.Debug|Any CPU.Build.0 = Release|x64
		{0D432104-AE0F-4721-98B5-D749EB764EEA}.Debug|x64.ActiveCfg = Debug|x64
		{0D432104-AE0F-4721-98B5-D749EB764EEA}.Debug|x64.Build.0 = Debug|x64
		{0D432104-AE0F-4721-98B5-D749EB764EEA}.Debug|x86.ActiveCfg = Debug|Any CPU
		{0D432104-AE0F-4721-98B5-D749EB764EEA}.Debug|x86.Build.0 = Debug|Any CPU
		{0D432104-AE0F-4721-98B5-D749EB764EEA}.Release|Any CPU.ActiveCfg = Release|x64
		{0D432104-AE0F-4721-98B5-D749EB764EEA}.Release|Any CPU.Build.0 = Release|x64
		{0D432104-AE0F-4721-98B5-D749EB764EEA}.Release|x64.ActiveCfg = Release|x64
		{0D432104-AE0F-4721-98B5-D749EB764EEA}.Release|x64.Build.0 = Release|x64
		{0D432104-AE0F-4721-98B5-D749EB764EEA}.Release|x86.ActiveCfg = Release|Any CPU
		{0D432104-AE0F-4721-98B5-D749EB764EEA}.Release|x86.Build.0 = Release|Any CPU
		{9C0D1372-A5CA-46FC-945B-CD442B871D73}.Debug|Any CPU.ActiveCfg = Release|x64
		{9C0D1372-A5CA-46FC-945B-CD442B871D73}.Debug|Any CPU.Build.0 = Release|x64
		{9C0D1372-A5CA-46FC-945B-CD442B871D73}.Debug|x64.ActiveCfg = Debug|x64
		{9C0D1372-A5CA-46FC-945B-CD442B871D73}.Debug|x64.Build.0 = Debug|x64
		{9C0D1372-A5CA-46FC-945B-CD442B871D73}.Debug|x86.ActiveCfg = Debug|Any CPU
		{9C0D1372-A5CA-46FC-945B-CD442B871D73}.Debug|x86.Build.0 = Debug|Any CPU
		{9C0D1372-A5CA-46FC-945B-CD442B871D73}.Release|Any CPU.ActiveCfg = Release|x64
		{9C0D1372-A5CA-46FC-945B-CD442B871D73}.Release|Any CPU.Build.0 = Release|x64
		{9C0D1372-A5CA-46FC-945B-CD442B871D73}.Release|x64.ActiveCfg = Release|x64
		{9C0D1372-A5CA-46FC-945B-CD442B871D73}.Release|x64.Build.0 = Release|x64
		{9C0D1372-A5CA-46FC-945B-CD442B871D73}.Release|x86.ActiveCfg = Release|Any CPU
		{9C0D1372-A5CA-46FC-945B-CD442B871D73}.Release|x86.Build.0 = Release|Any CPU
		{C80AEECE-51B4-4F72-A9EE-5F8397E84B17}.Debug|Any CPU.ActiveCfg = Release|x64
		{C80AEECE-51B4-4F72-A9EE-5F8397E84B17}.Debug|Any CPU.Build.0 = Release|x64
		{C80AEECE-51B4-4F72-A9EE-5F8397E84B17}.Debug|x64.ActiveCfg = Debug|x64
		{C80AEECE-51B4-4F72-A9EE-5F8397E84B17}.Debug|x64.Build.0 = Debug|x64
		{C80AEECE-51B4-4F72-A9EE-5F8397E84B17}.Debug|x86.ActiveCfg = Debug|Any CPU
		{C80AEECE-51B4-4F72-A9EE-5F8397E84B17}.Debug|x86.Build.0 = Debug|Any CPU
		{C80AEECE-51B4-4F72-A9EE-5F8397E84B17}.Release|Any CPU.ActiveCfg = Release|x64
		{C80AEECE-51B4-4F72-A9EE-5F8397E84B17}.Release|Any CPU.Build.0 = Release|x64
		{C80AEECE-51B4-4F72-A9EE-5F8397E84B17}.Release|x64.ActiveCfg = Release|x64
		{C80AEECE-51B4-4F72-A9EE-5F8397E84B17}.Release|x64.Build.0 = Release|x64
		{C80AEECE-51B4-4F72-A9EE-5F8397E84B17}.Release|x86.ActiveCfg = Release|Any CPU
		{C80AEECE-51B4-4F72-A9EE-5F8397E84B17}.Release|x86.Build.0 = Release|Any CPU
		{21785526-6F30-4608-B112-59341D504BF7}.Debug|Any CPU.ActiveCfg = Release|x64
		{21785526-6F30-4608-B112-59341D504BF7}.Debug|Any CPU.Build.0 = Release|x64
		{21785526-6F30-4608-B112-59341D504BF7}.Debug|x64.ActiveCfg = Debug|Any CPU
		{21785526-6F30-4608-B112-59341D504BF7}.Debug|x64.Build.0 = Debug|Any CPU
		{21785526-6F30-4608-B112-59341D504BF7}.Debug|x86.ActiveCfg = Debug|Any CPU
		{21785526-6F30-4608-B112-59341D504BF7}.Debug|x86.Build.0 = Debug|Any CPU
		{21785526-6F30-4608-B112-59341D504BF7}.Release|Any CPU.ActiveCfg = Release|x64
		{21785526-6F30-4608-B112-59341D504BF7}.Release|Any CPU.Build.0 = Release|x64
		{21785526-6F30-4608-B112-59341D504BF7}.Release|x64.ActiveCfg = Release|x64
		{21785526-6F30-4608-B112-59341D504BF7}.Release|x64.Build.0 = Release|x64
		{21785526-6F30-4608-B112-59341D504BF7}.Release|x86.ActiveCfg = Release|Any CPU
		{21785526-6F30-4608-B112-59341D504BF7}.Release|x86.Build.0 = Release|Any CPU
		{8A90D265-A3E9-46EB-9FAF-8D39C71D54DD}.Debug|Any CPU.ActiveCfg = Release|x64
		{8A90D265-A3E9-46EB-9FAF-8D39C71D54DD}.Debug|Any CPU.Build.0 = Release|x64
		{8A90D265-A3E9-46EB-9FAF-8D39C71D54DD}.Debug|x64.ActiveCfg = Debug|x64
		{8A90D265-A3E9-46EB-9FAF-8D39C71D54DD}.Debug|x64.Build.0 = Debug|x64
		{8A90D265-A3E9-46EB-9FAF-8D39C71D54DD}.Debug|x86.ActiveCfg = Debug|Any CPU
		{8A90D265-A3E9-46EB-9FAF-8D39C71D54DD}.Debug|x86.Build.0 = Debug|Any CPU
		{8A90D265-A3E9-46EB-9FAF-8D39C71D54DD}.Release|Any CPU.ActiveCfg = Release|x64
		{8A90D265-A3E9-46EB-9FAF-8D39C71D54DD}.Release|Any CPU.Build.0 = Release|x64
		{8A90D265-A3E9-46EB-9FAF-8D39C71D54DD}.Release|x64.ActiveCfg = Release|x64
		{8A90D265-A3E9-46EB-9FAF-8D39C71D54DD}.Release|x64.Build.0 = Release|x64
		{8A90D265-A3E9-46EB-9FAF-8D39C71D54DD}.Release|x86.ActiveCfg = Release|Any CPU
		{8A90D265-A3E9-46EB-9FAF-8D39C71D54DD}.Release|x86.Build.0 = Release|Any CPU
		{5D62F48D-CFA9-43CE-B565-15DB78AA758D}.Debug|Any CPU.ActiveCfg = Release|x64
		{5D62F48D-CFA9-43CE-B565-15DB78AA758D}.Debug|Any CPU.Build.0 = Release|x64
		{5D62F48D-CFA9-43CE-B565-15DB78AA758D}.Debug|x64.ActiveCfg = Debug|Any CPU
		{5D62F48D-CFA9-43CE-B565-15DB78AA758D}.Debug|x64.Build.0 = Debug|Any CPU
		{5D62F48D-CFA9-43CE-B565-15DB78AA758D}.Debug|x86.ActiveCfg = Debug|Any CPU
		{5D62F48D-CFA9-43CE-B565-15DB78AA758D}.Debug|x86.Build.0 = Debug|Any CPU
		{5D62F48D-CFA9-43CE-B565-15DB78AA758D}.Release|Any CPU.ActiveCfg = Release|x64
		{5D62F48D-CFA9-43CE-B565-15DB78AA758D}.Release|Any CPU.Build.0 = Release|x64
		{5D62F48D-CFA9-43CE-B565-15DB78AA758D}.Release|x64.ActiveCfg = Release|x64
		{5D62F48D-CFA9-43CE-B565-15DB78AA758D}.Release|x64.Build.0 = Release|x64
		{5D62F48D-CFA9-43CE-B565-15DB78AA758D}.Release|x86.ActiveCfg = Release|Any CPU
		{5D62F48D-CFA9-43CE-B565-15DB78AA758D}.Release|x86.Build.0 = Release|Any CPU
		{C971DE7C-6907-480D-90F4-85845E2EA2E2}.Debug|Any CPU.ActiveCfg = Release|x64
		{C971DE7C-6907-480D-90F4-85845E2EA2E2}.Debug|Any CPU.Build.0 = Release|x64
		{C971DE7C-6907-480D-90F4-85845E2EA2E2}.Debug|x64.ActiveCfg = Debug|Any CPU
		{C971DE7C-6907-480D-90F4-85845E2EA2E2}.Debug|x64.Build.0 = Debug|Any CPU
		{C971DE7C-6907-480D-90F4-85845E2EA2E2}.Debug|x86.ActiveCfg = Debug|Any CPU
		{C971DE7C-6907-480D-90F4-85845E2EA2E2}.Debug|x86.Build.0 = Debug|Any CPU
		{C971DE7C-6907-480D-90F4-85845E2EA2E2}.Release|Any CPU.ActiveCfg = Release|x64
		{C971DE7C-6907-480D-90F4-85845E2EA2E2}.Release|Any CPU.Build.0 = Release|x64
		{C971DE7C-6907-480D-90F4-85845E2EA2E2}.Release|x64.ActiveCfg = Release|x64
		{C971DE7C-6907-480D-90F4-85845E2EA2E2}.Release|x64.Build.0 = Release|x64
		{C971DE7C-6907-480D-90F4-85845E2EA2E2}.Release|x86.ActiveCfg = Release|Any CPU
		{C971DE7C-6907-480D-90F4-85845E2EA2E2}.Release|x86.Build.0 = Release|Any CPU
		{0A4FA795-DEE7-4F46-9C51-06C24276C530}.Debug|Any CPU.ActiveCfg = Release|x64
		{0A4FA795-DEE7-4F46-9C51-06C24276C530}.Debug|Any CPU.Build.0 = Release|x64
		{0A4FA795-DEE7-4F46-9C51-06C24276C530}.Debug|x64.ActiveCfg = Debug|x64
		{0A4FA795-DEE7-4F46-9C51-06C24276C530}.Debug|x64.Build.0 = Debug|x64
		{0A4FA795-DEE7-4F46-9C51-06C24276C530}.Debug|x86.ActiveCfg = Debug|Any CPU
		{0A4FA795-DEE7-4F46-9C51-06C24276C530}.Debug|x86.Build.0 = Debug|Any CPU
		{0A4FA795-DEE7-4F46-9C51-06C24276C530}.Release|Any CPU.ActiveCfg = Release|x64
		{0A4FA795-DEE7-4F46-9C51-06C24276C530}.Release|Any CPU.Build.0 = Release|x64
		{0A4FA795-DEE7-4F46-9C51-06C24276C530}.Release|x64.ActiveCfg = Release|x64
		{0A4FA795-DEE7-4F46-9C51-06C24276C530}.Release|x64.Build.0 = Release|x64
		{0A4FA795-DEE7-4F46-9C51-06C24276C530}.Release|x86.ActiveCfg = Release|Any CPU
		{0A4FA795-DEE7-4F46-9C51-06C24276C530}.Release|x86.Build.0 = Release|Any CPU
		{63B6C54C-2AA8-4B1F-B094-EF5DC69FFDE4}.Debug|Any CPU.ActiveCfg = Debug|Any CPU
		{63B6C54C-2AA8-4B1F-B094-EF5DC69FFDE4}.Debug|Any CPU.Build.0 = Debug|Any CPU
		{63B6C54C-2AA8-4B1F-B094-EF5DC69FFDE4}.Debug|x64.ActiveCfg = Debug|Any CPU
		{63B6C54C-2AA8-4B1F-B094-EF5DC69FFDE4}.Debug|x64.Build.0 = Debug|Any CPU
		{63B6C54C-2AA8-4B1F-B094-EF5DC69FFDE4}.Debug|x86.ActiveCfg = Debug|Any CPU
		{63B6C54C-2AA8-4B1F-B094-EF5DC69FFDE4}.Debug|x86.Build.0 = Debug|Any CPU
		{63B6C54C-2AA8-4B1F-B094-EF5DC69FFDE4}.Release|Any CPU.ActiveCfg = Release|Any CPU
		{63B6C54C-2AA8-4B1F-B094-EF5DC69FFDE4}.Release|Any CPU.Build.0 = Release|Any CPU
		{63B6C54C-2AA8-4B1F-B094-EF5DC69FFDE4}.Release|x64.ActiveCfg = Release|Any CPU
		{63B6C54C-2AA8-4B1F-B094-EF5DC69FFDE4}.Release|x64.Build.0 = Release|Any CPU
		{63B6C54C-2AA8-4B1F-B094-EF5DC69FFDE4}.Release|x86.ActiveCfg = Release|Any CPU
		{63B6C54C-2AA8-4B1F-B094-EF5DC69FFDE4}.Release|x86.Build.0 = Release|Any CPU
		{DCDE2A88-C15B-43ED-8B1A-07A98DB9EC80}.Debug|Any CPU.ActiveCfg = Debug|Any CPU
		{DCDE2A88-C15B-43ED-8B1A-07A98DB9EC80}.Debug|Any CPU.Build.0 = Debug|Any CPU
		{DCDE2A88-C15B-43ED-8B1A-07A98DB9EC80}.Debug|x64.ActiveCfg = Debug|Any CPU
		{DCDE2A88-C15B-43ED-8B1A-07A98DB9EC80}.Debug|x64.Build.0 = Debug|Any CPU
		{DCDE2A88-C15B-43ED-8B1A-07A98DB9EC80}.Debug|x86.ActiveCfg = Debug|Any CPU
		{DCDE2A88-C15B-43ED-8B1A-07A98DB9EC80}.Debug|x86.Build.0 = Debug|Any CPU
		{DCDE2A88-C15B-43ED-8B1A-07A98DB9EC80}.Release|Any CPU.ActiveCfg = Release|Any CPU
		{DCDE2A88-C15B-43ED-8B1A-07A98DB9EC80}.Release|Any CPU.Build.0 = Release|Any CPU
		{DCDE2A88-C15B-43ED-8B1A-07A98DB9EC80}.Release|x64.ActiveCfg = Release|Any CPU
		{DCDE2A88-C15B-43ED-8B1A-07A98DB9EC80}.Release|x64.Build.0 = Release|Any CPU
		{DCDE2A88-C15B-43ED-8B1A-07A98DB9EC80}.Release|x86.ActiveCfg = Release|Any CPU
		{DCDE2A88-C15B-43ED-8B1A-07A98DB9EC80}.Release|x86.Build.0 = Release|Any CPU
		{63A4E2E6-6CAE-4F60-BF5F-205E56BCC727}.Debug|Any CPU.ActiveCfg = Debug|Any CPU
		{63A4E2E6-6CAE-4F60-BF5F-205E56BCC727}.Debug|Any CPU.Build.0 = Debug|Any CPU
		{63A4E2E6-6CAE-4F60-BF5F-205E56BCC727}.Debug|x64.ActiveCfg = Debug|Any CPU
		{63A4E2E6-6CAE-4F60-BF5F-205E56BCC727}.Debug|x64.Build.0 = Debug|Any CPU
		{63A4E2E6-6CAE-4F60-BF5F-205E56BCC727}.Debug|x86.ActiveCfg = Debug|Any CPU
		{63A4E2E6-6CAE-4F60-BF5F-205E56BCC727}.Debug|x86.Build.0 = Debug|Any CPU
		{63A4E2E6-6CAE-4F60-BF5F-205E56BCC727}.Release|Any CPU.ActiveCfg = Release|Any CPU
		{63A4E2E6-6CAE-4F60-BF5F-205E56BCC727}.Release|Any CPU.Build.0 = Release|Any CPU
		{63A4E2E6-6CAE-4F60-BF5F-205E56BCC727}.Release|x64.ActiveCfg = Release|Any CPU
		{63A4E2E6-6CAE-4F60-BF5F-205E56BCC727}.Release|x64.Build.0 = Release|Any CPU
		{63A4E2E6-6CAE-4F60-BF5F-205E56BCC727}.Release|x86.ActiveCfg = Release|Any CPU
		{63A4E2E6-6CAE-4F60-BF5F-205E56BCC727}.Release|x86.Build.0 = Release|Any CPU
		{97E94FCE-7368-47D3-8BB9-9CAC918717DC}.Debug|Any CPU.ActiveCfg = Debug|Any CPU
		{97E94FCE-7368-47D3-8BB9-9CAC918717DC}.Debug|Any CPU.Build.0 = Debug|Any CPU
		{97E94FCE-7368-47D3-8BB9-9CAC918717DC}.Debug|x64.ActiveCfg = Debug|Any CPU
		{97E94FCE-7368-47D3-8BB9-9CAC918717DC}.Debug|x64.Build.0 = Debug|Any CPU
		{97E94FCE-7368-47D3-8BB9-9CAC918717DC}.Debug|x86.ActiveCfg = Debug|Any CPU
		{97E94FCE-7368-47D3-8BB9-9CAC918717DC}.Debug|x86.Build.0 = Debug|Any CPU
		{97E94FCE-7368-47D3-8BB9-9CAC918717DC}.Release|Any CPU.ActiveCfg = Release|Any CPU
		{97E94FCE-7368-47D3-8BB9-9CAC918717DC}.Release|Any CPU.Build.0 = Release|Any CPU
		{97E94FCE-7368-47D3-8BB9-9CAC918717DC}.Release|x64.ActiveCfg = Release|Any CPU
		{97E94FCE-7368-47D3-8BB9-9CAC918717DC}.Release|x64.Build.0 = Release|Any CPU
		{97E94FCE-7368-47D3-8BB9-9CAC918717DC}.Release|x86.ActiveCfg = Release|Any CPU
		{97E94FCE-7368-47D3-8BB9-9CAC918717DC}.Release|x86.Build.0 = Release|Any CPU
		{8821C600-DEC5-4787-9407-DB08EF4BD2A7}.Debug|Any CPU.ActiveCfg = Debug|Any CPU
		{8821C600-DEC5-4787-9407-DB08EF4BD2A7}.Debug|Any CPU.Build.0 = Debug|Any CPU
		{8821C600-DEC5-4787-9407-DB08EF4BD2A7}.Debug|x64.ActiveCfg = Debug|Any CPU
		{8821C600-DEC5-4787-9407-DB08EF4BD2A7}.Debug|x64.Build.0 = Debug|Any CPU
		{8821C600-DEC5-4787-9407-DB08EF4BD2A7}.Debug|x86.ActiveCfg = Debug|Any CPU
		{8821C600-DEC5-4787-9407-DB08EF4BD2A7}.Debug|x86.Build.0 = Debug|Any CPU
		{8821C600-DEC5-4787-9407-DB08EF4BD2A7}.Release|Any CPU.ActiveCfg = Release|Any CPU
		{8821C600-DEC5-4787-9407-DB08EF4BD2A7}.Release|Any CPU.Build.0 = Release|Any CPU
		{8821C600-DEC5-4787-9407-DB08EF4BD2A7}.Release|x64.ActiveCfg = Release|Any CPU
		{8821C600-DEC5-4787-9407-DB08EF4BD2A7}.Release|x64.Build.0 = Release|Any CPU
		{8821C600-DEC5-4787-9407-DB08EF4BD2A7}.Release|x86.ActiveCfg = Release|Any CPU
		{8821C600-DEC5-4787-9407-DB08EF4BD2A7}.Release|x86.Build.0 = Release|Any CPU
		{3456DD75-CE99-4B06-9626-467D7E7A74C6}.Debug|Any CPU.ActiveCfg = Debug|Any CPU
		{3456DD75-CE99-4B06-9626-467D7E7A74C6}.Debug|Any CPU.Build.0 = Debug|Any CPU
		{3456DD75-CE99-4B06-9626-467D7E7A74C6}.Debug|x64.ActiveCfg = Debug|Any CPU
		{3456DD75-CE99-4B06-9626-467D7E7A74C6}.Debug|x64.Build.0 = Debug|Any CPU
		{3456DD75-CE99-4B06-9626-467D7E7A74C6}.Debug|x86.ActiveCfg = Debug|x86
		{3456DD75-CE99-4B06-9626-467D7E7A74C6}.Debug|x86.Build.0 = Debug|x86
		{3456DD75-CE99-4B06-9626-467D7E7A74C6}.Release|Any CPU.ActiveCfg = Release|Any CPU
		{3456DD75-CE99-4B06-9626-467D7E7A74C6}.Release|Any CPU.Build.0 = Release|Any CPU
		{3456DD75-CE99-4B06-9626-467D7E7A74C6}.Release|x64.ActiveCfg = Release|Any CPU
		{3456DD75-CE99-4B06-9626-467D7E7A74C6}.Release|x64.Build.0 = Release|Any CPU
		{3456DD75-CE99-4B06-9626-467D7E7A74C6}.Release|x86.ActiveCfg = Release|x86
		{3456DD75-CE99-4B06-9626-467D7E7A74C6}.Release|x86.Build.0 = Release|x86
		{DD788203-81AB-43E0-ACB5-AD100E08B87A}.Debug|Any CPU.ActiveCfg = Debug|Any CPU
		{DD788203-81AB-43E0-ACB5-AD100E08B87A}.Debug|Any CPU.Build.0 = Debug|Any CPU
		{DD788203-81AB-43E0-ACB5-AD100E08B87A}.Debug|x64.ActiveCfg = Debug|Any CPU
		{DD788203-81AB-43E0-ACB5-AD100E08B87A}.Debug|x64.Build.0 = Debug|Any CPU
		{DD788203-81AB-43E0-ACB5-AD100E08B87A}.Debug|x86.ActiveCfg = Debug|Any CPU
		{DD788203-81AB-43E0-ACB5-AD100E08B87A}.Debug|x86.Build.0 = Debug|Any CPU
		{DD788203-81AB-43E0-ACB5-AD100E08B87A}.Release|Any CPU.ActiveCfg = Release|Any CPU
		{DD788203-81AB-43E0-ACB5-AD100E08B87A}.Release|Any CPU.Build.0 = Release|Any CPU
		{DD788203-81AB-43E0-ACB5-AD100E08B87A}.Release|x64.ActiveCfg = Release|Any CPU
		{DD788203-81AB-43E0-ACB5-AD100E08B87A}.Release|x64.Build.0 = Release|Any CPU
		{DD788203-81AB-43E0-ACB5-AD100E08B87A}.Release|x86.ActiveCfg = Release|Any CPU
		{DD788203-81AB-43E0-ACB5-AD100E08B87A}.Release|x86.Build.0 = Release|Any CPU
		{AD28BA3D-4D0F-4965-B9A1-59401A032B9B}.Debug|Any CPU.ActiveCfg = Debug|Any CPU
		{AD28BA3D-4D0F-4965-B9A1-59401A032B9B}.Debug|Any CPU.Build.0 = Debug|Any CPU
		{AD28BA3D-4D0F-4965-B9A1-59401A032B9B}.Debug|x64.ActiveCfg = Debug|Any CPU
		{AD28BA3D-4D0F-4965-B9A1-59401A032B9B}.Debug|x64.Build.0 = Debug|Any CPU
		{AD28BA3D-4D0F-4965-B9A1-59401A032B9B}.Debug|x86.ActiveCfg = Debug|Any CPU
		{AD28BA3D-4D0F-4965-B9A1-59401A032B9B}.Debug|x86.Build.0 = Debug|Any CPU
		{AD28BA3D-4D0F-4965-B9A1-59401A032B9B}.Release|Any CPU.ActiveCfg = Release|Any CPU
		{AD28BA3D-4D0F-4965-B9A1-59401A032B9B}.Release|Any CPU.Build.0 = Release|Any CPU
		{AD28BA3D-4D0F-4965-B9A1-59401A032B9B}.Release|x64.ActiveCfg = Release|Any CPU
		{AD28BA3D-4D0F-4965-B9A1-59401A032B9B}.Release|x64.Build.0 = Release|Any CPU
		{AD28BA3D-4D0F-4965-B9A1-59401A032B9B}.Release|x86.ActiveCfg = Release|Any CPU
		{AD28BA3D-4D0F-4965-B9A1-59401A032B9B}.Release|x86.Build.0 = Release|Any CPU
	EndGlobalSection
	GlobalSection(SolutionProperties) = preSolution
		HideSolutionNode = FALSE
	EndGlobalSection
	GlobalSection(ExtensibilityGlobals) = postSolution
		SolutionGuid = {D6F20CFA-F131-436B-A925-F59DB3978DEB}
	EndGlobalSection
EndGlobal
